
Microsoft Visual Studio Solution File, Format Version 12.00
# Visual Studio 2013
VisualStudioVersion = 12.0.30723.0
MinimumVisualStudioVersion = 10.0.40219.1
Project("{FAE04EC0-301F-11D3-BF4B-00C04F79EFBC}") = "Routing", "Routing\Routing.csproj", "{61441747-24F4-4D8A-B855-BACF328298F3}"
EndProject
Project("{FAE04EC0-301F-11D3-BF4B-00C04F79EFBC}") = "IpHlpApi.net", "IpHlpApi.net\IpHlpApi.net.csproj", "{29BF8A5E-6326-4D76-AAF1-9362FA03EC45}"
EndProject
Project("{FAE04EC0-301F-11D3-BF4B-00C04F79EFBC}") = "XoKeyApi", "XoKeyApi\XoKeyApi.csproj", "{E69AADFB-5F5B-4259-ACFB-7EEB8677E4F6}"
EndProject
Project("{930C7802-8A8C-48F9-8165-68863BCCD9DD}") = "EK_HostApp_Setup", "EK_HostApp_Setup\EK_HostApp_Setup.wixproj", "{01B93A05-D068-4FC0-9039-FC7B4BC93B06}"
	ProjectSection(ProjectDependencies) = postProject
		{23EE5140-2C2C-4B53-A954-10B08DCA6BD6} = {23EE5140-2C2C-4B53-A954-10B08DCA6BD6}
		{61441747-24F4-4D8A-B855-BACF328298F3} = {61441747-24F4-4D8A-B855-BACF328298F3}
		{D43A8351-400C-459A-A3DD-175F0149FBF7} = {D43A8351-400C-459A-A3DD-175F0149FBF7}
		{A4394E7B-1155-43A6-989E-8AB72DDDC9E4} = {A4394E7B-1155-43A6-989E-8AB72DDDC9E4}
	EndProjectSection
EndProject
Project("{930C7802-8A8C-48F9-8165-68863BCCD9DD}") = "EK_Installer", "EK_Installer\EK_Installer.wixproj", "{AB691316-6596-4B28-A649-CC0299E92622}"
EndProject
Project("{930C7802-8A8C-48F9-8165-68863BCCD9DD}") = "driver-install", "driver-install\driver-install.wixproj", "{D43A8351-400C-459A-A3DD-175F0149FBF7}"
EndProject
Project("{FAE04EC0-301F-11D3-BF4B-00C04F79EFBC}") = "EK_App", "EK_App\EK_App.csproj", "{4828DAEC-EF99-4553-B674-4374F77C6D66}"
	ProjectSection(ProjectDependencies) = postProject
		{29BF8A5E-6326-4D76-AAF1-9362FA03EC45} = {29BF8A5E-6326-4D76-AAF1-9362FA03EC45}
		{021290BE-C1FD-430D-99CF-C80066FAFDB9} = {021290BE-C1FD-430D-99CF-C80066FAFDB9}
	EndProjectSection
EndProject
Project("{FAE04EC0-301F-11D3-BF4B-00C04F79EFBC}") = "CefSharp.Example", "CefSharp.Example\CefSharp.Example.csproj", "{A4394E7B-1155-43A6-989E-8AB72DDDC9E4}"
EndProject
Project("{FAE04EC0-301F-11D3-BF4B-00C04F79EFBC}") = "EK.BrowserSubprocess", "EK.BrowserSubprocess\EK.BrowserSubprocess.csproj", "{23EE5140-2C2C-4B53-A954-10B08DCA6BD6}"
EndProject
Project("{FAE04EC0-301F-11D3-BF4B-00C04F79EFBC}") = "IpcAnonPipe", "IpcAnonPipe\IpcAnonPipe.csproj", "{E5F84885-7ADB-4642-BBEE-1F031BB6844B}"
EndProject
Project("{FAE04EC0-301F-11D3-BF4B-00C04F79EFBC}") = "PipeServerTest", "PipeServerTest\PipeServerTest.csproj", "{69C865BD-2CBB-4337-994F-CE67966267AC}"
EndProject
Project("{FAE04EC0-301F-11D3-BF4B-00C04F79EFBC}") = "PipeClientTest", "PipeClientTest\PipeClientTest.csproj", "{B350B713-4F72-42D1-9469-19431C41797F}"
EndProject
Project("{FAE04EC0-301F-11D3-BF4B-00C04F79EFBC}") = "DNS_Test", "DNS_Test\DNS_Test.csproj", "{7AB3D193-93CB-424C-9EC4-17F84DB5645A}"
EndProject
Project("{FAE04EC0-301F-11D3-BF4B-00C04F79EFBC}") = "NetUtil", "NetUtil\NetUtil.csproj", "{021290BE-C1FD-430D-99CF-C80066FAFDB9}"
EndProject
Project("{FAE04EC0-301F-11D3-BF4B-00C04F79EFBC}") = "STUN", "STUN\STUN.csproj", "{F2EAC231-CCB1-4F5F-9C17-EA10E7EA6A21}"
EndProject
Project("{FAE04EC0-301F-11D3-BF4B-00C04F79EFBC}") = "Disable_ICS", "Disable_ICS\Disable_ICS.csproj", "{A08F1699-AC61-4CD8-A3F6-9732DD6F83EC}"
EndProject
Global
	GlobalSection(SolutionConfigurationPlatforms) = preSolution
		CD_ROM|Any CPU = CD_ROM|Any CPU
		CD_ROM|Mixed Platforms = CD_ROM|Mixed Platforms
		CD_ROM|x64 = CD_ROM|x64
		CD_ROM|x86 = CD_ROM|x86
		Debug|Any CPU = Debug|Any CPU
		Debug|Mixed Platforms = Debug|Mixed Platforms
		Debug|x64 = Debug|x64
		Debug|x86 = Debug|x86
		DVD-5|Any CPU = DVD-5|Any CPU
		DVD-5|Mixed Platforms = DVD-5|Mixed Platforms
		DVD-5|x64 = DVD-5|x64
		DVD-5|x86 = DVD-5|x86
		Release|Any CPU = Release|Any CPU
		Release|Mixed Platforms = Release|Mixed Platforms
		Release|x64 = Release|x64
		Release|x86 = Release|x86
		SingleImage|Any CPU = SingleImage|Any CPU
		SingleImage|Mixed Platforms = SingleImage|Mixed Platforms
		SingleImage|x64 = SingleImage|x64
		SingleImage|x86 = SingleImage|x86
	EndGlobalSection
	GlobalSection(ProjectConfigurationPlatforms) = postSolution
		{61441747-24F4-4D8A-B855-BACF328298F3}.CD_ROM|Any CPU.ActiveCfg = Release|Any CPU
		{61441747-24F4-4D8A-B855-BACF328298F3}.CD_ROM|Any CPU.Build.0 = Release|Any CPU
		{61441747-24F4-4D8A-B855-BACF328298F3}.CD_ROM|Mixed Platforms.ActiveCfg = Release|Any CPU
		{61441747-24F4-4D8A-B855-BACF328298F3}.CD_ROM|Mixed Platforms.Build.0 = Release|Any CPU
		{61441747-24F4-4D8A-B855-BACF328298F3}.CD_ROM|x64.ActiveCfg = Debug|Any CPU
		{61441747-24F4-4D8A-B855-BACF328298F3}.CD_ROM|x86.ActiveCfg = Release|Any CPU
		{61441747-24F4-4D8A-B855-BACF328298F3}.Debug|Any CPU.ActiveCfg = Debug|Any CPU
		{61441747-24F4-4D8A-B855-BACF328298F3}.Debug|Any CPU.Build.0 = Debug|Any CPU
		{61441747-24F4-4D8A-B855-BACF328298F3}.Debug|Mixed Platforms.ActiveCfg = Debug|Any CPU
		{61441747-24F4-4D8A-B855-BACF328298F3}.Debug|Mixed Platforms.Build.0 = Debug|Any CPU
		{61441747-24F4-4D8A-B855-BACF328298F3}.Debug|x64.ActiveCfg = Debug|Any CPU
		{61441747-24F4-4D8A-B855-BACF328298F3}.Debug|x86.ActiveCfg = Debug|Any CPU
		{61441747-24F4-4D8A-B855-BACF328298F3}.DVD-5|Any CPU.ActiveCfg = Debug|Any CPU
		{61441747-24F4-4D8A-B855-BACF328298F3}.DVD-5|Any CPU.Build.0 = Debug|Any CPU
		{61441747-24F4-4D8A-B855-BACF328298F3}.DVD-5|Mixed Platforms.ActiveCfg = Debug|Any CPU
		{61441747-24F4-4D8A-B855-BACF328298F3}.DVD-5|Mixed Platforms.Build.0 = Debug|Any CPU
		{61441747-24F4-4D8A-B855-BACF328298F3}.DVD-5|x64.ActiveCfg = Debug|Any CPU
		{61441747-24F4-4D8A-B855-BACF328298F3}.DVD-5|x86.ActiveCfg = Debug|Any CPU
		{61441747-24F4-4D8A-B855-BACF328298F3}.Release|Any CPU.ActiveCfg = Release|Any CPU
		{61441747-24F4-4D8A-B855-BACF328298F3}.Release|Any CPU.Build.0 = Release|Any CPU
		{61441747-24F4-4D8A-B855-BACF328298F3}.Release|Mixed Platforms.ActiveCfg = Release|Any CPU
		{61441747-24F4-4D8A-B855-BACF328298F3}.Release|Mixed Platforms.Build.0 = Release|Any CPU
		{61441747-24F4-4D8A-B855-BACF328298F3}.Release|x64.ActiveCfg = Release|Any CPU
		{61441747-24F4-4D8A-B855-BACF328298F3}.Release|x86.ActiveCfg = Release|Any CPU
		{61441747-24F4-4D8A-B855-BACF328298F3}.SingleImage|Any CPU.ActiveCfg = Release|Any CPU
		{61441747-24F4-4D8A-B855-BACF328298F3}.SingleImage|Any CPU.Build.0 = Release|Any CPU
		{61441747-24F4-4D8A-B855-BACF328298F3}.SingleImage|Mixed Platforms.ActiveCfg = Release|Any CPU
		{61441747-24F4-4D8A-B855-BACF328298F3}.SingleImage|Mixed Platforms.Build.0 = Release|Any CPU
		{61441747-24F4-4D8A-B855-BACF328298F3}.SingleImage|x64.ActiveCfg = Debug|Any CPU
		{61441747-24F4-4D8A-B855-BACF328298F3}.SingleImage|x86.ActiveCfg = Release|Any CPU
		{29BF8A5E-6326-4D76-AAF1-9362FA03EC45}.CD_ROM|Any CPU.ActiveCfg = Release|Any CPU
		{29BF8A5E-6326-4D76-AAF1-9362FA03EC45}.CD_ROM|Any CPU.Build.0 = Release|Any CPU
		{29BF8A5E-6326-4D76-AAF1-9362FA03EC45}.CD_ROM|Mixed Platforms.ActiveCfg = Release|Any CPU
		{29BF8A5E-6326-4D76-AAF1-9362FA03EC45}.CD_ROM|Mixed Platforms.Build.0 = Release|Any CPU
		{29BF8A5E-6326-4D76-AAF1-9362FA03EC45}.CD_ROM|x64.ActiveCfg = Debug|Any CPU
		{29BF8A5E-6326-4D76-AAF1-9362FA03EC45}.CD_ROM|x86.ActiveCfg = Release|Any CPU
		{29BF8A5E-6326-4D76-AAF1-9362FA03EC45}.Debug|Any CPU.ActiveCfg = Debug|Any CPU
		{29BF8A5E-6326-4D76-AAF1-9362FA03EC45}.Debug|Any CPU.Build.0 = Debug|Any CPU
		{29BF8A5E-6326-4D76-AAF1-9362FA03EC45}.Debug|Mixed Platforms.ActiveCfg = Debug|Any CPU
		{29BF8A5E-6326-4D76-AAF1-9362FA03EC45}.Debug|Mixed Platforms.Build.0 = Debug|Any CPU
		{29BF8A5E-6326-4D76-AAF1-9362FA03EC45}.Debug|x64.ActiveCfg = Debug|Any CPU
		{29BF8A5E-6326-4D76-AAF1-9362FA03EC45}.Debug|x86.ActiveCfg = Debug|Any CPU
		{29BF8A5E-6326-4D76-AAF1-9362FA03EC45}.DVD-5|Any CPU.ActiveCfg = Debug|Any CPU
		{29BF8A5E-6326-4D76-AAF1-9362FA03EC45}.DVD-5|Any CPU.Build.0 = Debug|Any CPU
		{29BF8A5E-6326-4D76-AAF1-9362FA03EC45}.DVD-5|Mixed Platforms.ActiveCfg = Debug|Any CPU
		{29BF8A5E-6326-4D76-AAF1-9362FA03EC45}.DVD-5|Mixed Platforms.Build.0 = Debug|Any CPU
		{29BF8A5E-6326-4D76-AAF1-9362FA03EC45}.DVD-5|x64.ActiveCfg = Debug|Any CPU
		{29BF8A5E-6326-4D76-AAF1-9362FA03EC45}.DVD-5|x86.ActiveCfg = Debug|Any CPU
		{29BF8A5E-6326-4D76-AAF1-9362FA03EC45}.Release|Any CPU.ActiveCfg = Release|Any CPU
		{29BF8A5E-6326-4D76-AAF1-9362FA03EC45}.Release|Any CPU.Build.0 = Release|Any CPU
		{29BF8A5E-6326-4D76-AAF1-9362FA03EC45}.Release|Mixed Platforms.ActiveCfg = Release|Any CPU
		{29BF8A5E-6326-4D76-AAF1-9362FA03EC45}.Release|Mixed Platforms.Build.0 = Release|Any CPU
		{29BF8A5E-6326-4D76-AAF1-9362FA03EC45}.Release|x64.ActiveCfg = Release|Any CPU
		{29BF8A5E-6326-4D76-AAF1-9362FA03EC45}.Release|x86.ActiveCfg = Release|Any CPU
		{29BF8A5E-6326-4D76-AAF1-9362FA03EC45}.SingleImage|Any CPU.ActiveCfg = Release|Any CPU
		{29BF8A5E-6326-4D76-AAF1-9362FA03EC45}.SingleImage|Any CPU.Build.0 = Release|Any CPU
		{29BF8A5E-6326-4D76-AAF1-9362FA03EC45}.SingleImage|Mixed Platforms.ActiveCfg = Release|Any CPU
		{29BF8A5E-6326-4D76-AAF1-9362FA03EC45}.SingleImage|Mixed Platforms.Build.0 = Release|Any CPU
		{29BF8A5E-6326-4D76-AAF1-9362FA03EC45}.SingleImage|x64.ActiveCfg = Debug|Any CPU
		{29BF8A5E-6326-4D76-AAF1-9362FA03EC45}.SingleImage|x86.ActiveCfg = Release|Any CPU
		{E69AADFB-5F5B-4259-ACFB-7EEB8677E4F6}.CD_ROM|Any CPU.ActiveCfg = Release|Any CPU
		{E69AADFB-5F5B-4259-ACFB-7EEB8677E4F6}.CD_ROM|Any CPU.Build.0 = Release|Any CPU
		{E69AADFB-5F5B-4259-ACFB-7EEB8677E4F6}.CD_ROM|Mixed Platforms.ActiveCfg = Release|Any CPU
		{E69AADFB-5F5B-4259-ACFB-7EEB8677E4F6}.CD_ROM|Mixed Platforms.Build.0 = Release|Any CPU
		{E69AADFB-5F5B-4259-ACFB-7EEB8677E4F6}.CD_ROM|x64.ActiveCfg = Debug|Any CPU
		{E69AADFB-5F5B-4259-ACFB-7EEB8677E4F6}.CD_ROM|x86.ActiveCfg = Release|Any CPU
		{E69AADFB-5F5B-4259-ACFB-7EEB8677E4F6}.Debug|Any CPU.ActiveCfg = Debug|Any CPU
		{E69AADFB-5F5B-4259-ACFB-7EEB8677E4F6}.Debug|Any CPU.Build.0 = Debug|Any CPU
		{E69AADFB-5F5B-4259-ACFB-7EEB8677E4F6}.Debug|Mixed Platforms.ActiveCfg = Debug|Any CPU
		{E69AADFB-5F5B-4259-ACFB-7EEB8677E4F6}.Debug|Mixed Platforms.Build.0 = Debug|Any CPU
		{E69AADFB-5F5B-4259-ACFB-7EEB8677E4F6}.Debug|x64.ActiveCfg = Debug|Any CPU
		{E69AADFB-5F5B-4259-ACFB-7EEB8677E4F6}.Debug|x86.ActiveCfg = Debug|Any CPU
		{E69AADFB-5F5B-4259-ACFB-7EEB8677E4F6}.DVD-5|Any CPU.ActiveCfg = Debug|Any CPU
		{E69AADFB-5F5B-4259-ACFB-7EEB8677E4F6}.DVD-5|Any CPU.Build.0 = Debug|Any CPU
		{E69AADFB-5F5B-4259-ACFB-7EEB8677E4F6}.DVD-5|Mixed Platforms.ActiveCfg = Debug|Any CPU
		{E69AADFB-5F5B-4259-ACFB-7EEB8677E4F6}.DVD-5|Mixed Platforms.Build.0 = Debug|Any CPU
		{E69AADFB-5F5B-4259-ACFB-7EEB8677E4F6}.DVD-5|x64.ActiveCfg = Debug|Any CPU
		{E69AADFB-5F5B-4259-ACFB-7EEB8677E4F6}.DVD-5|x86.ActiveCfg = Debug|Any CPU
		{E69AADFB-5F5B-4259-ACFB-7EEB8677E4F6}.Release|Any CPU.ActiveCfg = Release|Any CPU
		{E69AADFB-5F5B-4259-ACFB-7EEB8677E4F6}.Release|Any CPU.Build.0 = Release|Any CPU
		{E69AADFB-5F5B-4259-ACFB-7EEB8677E4F6}.Release|Mixed Platforms.ActiveCfg = Release|Any CPU
		{E69AADFB-5F5B-4259-ACFB-7EEB8677E4F6}.Release|Mixed Platforms.Build.0 = Release|Any CPU
		{E69AADFB-5F5B-4259-ACFB-7EEB8677E4F6}.Release|x64.ActiveCfg = Release|Any CPU
		{E69AADFB-5F5B-4259-ACFB-7EEB8677E4F6}.Release|x86.ActiveCfg = Release|Any CPU
		{E69AADFB-5F5B-4259-ACFB-7EEB8677E4F6}.SingleImage|Any CPU.ActiveCfg = Release|Any CPU
		{E69AADFB-5F5B-4259-ACFB-7EEB8677E4F6}.SingleImage|Any CPU.Build.0 = Release|Any CPU
		{E69AADFB-5F5B-4259-ACFB-7EEB8677E4F6}.SingleImage|Mixed Platforms.ActiveCfg = Release|Any CPU
		{E69AADFB-5F5B-4259-ACFB-7EEB8677E4F6}.SingleImage|Mixed Platforms.Build.0 = Release|Any CPU
		{E69AADFB-5F5B-4259-ACFB-7EEB8677E4F6}.SingleImage|x64.ActiveCfg = Debug|Any CPU
		{E69AADFB-5F5B-4259-ACFB-7EEB8677E4F6}.SingleImage|x86.ActiveCfg = Release|Any CPU
		{01B93A05-D068-4FC0-9039-FC7B4BC93B06}.CD_ROM|Any CPU.ActiveCfg = Release|x86
		{01B93A05-D068-4FC0-9039-FC7B4BC93B06}.CD_ROM|Mixed Platforms.ActiveCfg = Release|x86
		{01B93A05-D068-4FC0-9039-FC7B4BC93B06}.CD_ROM|Mixed Platforms.Build.0 = Release|x86
		{01B93A05-D068-4FC0-9039-FC7B4BC93B06}.CD_ROM|x64.ActiveCfg = Debug|x86
		{01B93A05-D068-4FC0-9039-FC7B4BC93B06}.CD_ROM|x86.ActiveCfg = Release|x86
		{01B93A05-D068-4FC0-9039-FC7B4BC93B06}.CD_ROM|x86.Build.0 = Release|x86
		{01B93A05-D068-4FC0-9039-FC7B4BC93B06}.Debug|Any CPU.ActiveCfg = Debug|x86
		{01B93A05-D068-4FC0-9039-FC7B4BC93B06}.Debug|Mixed Platforms.ActiveCfg = Debug|x86
		{01B93A05-D068-4FC0-9039-FC7B4BC93B06}.Debug|Mixed Platforms.Build.0 = Debug|x86
		{01B93A05-D068-4FC0-9039-FC7B4BC93B06}.Debug|x64.ActiveCfg = Debug|x86
		{01B93A05-D068-4FC0-9039-FC7B4BC93B06}.Debug|x86.ActiveCfg = Debug|x86
		{01B93A05-D068-4FC0-9039-FC7B4BC93B06}.Debug|x86.Build.0 = Debug|x86
		{01B93A05-D068-4FC0-9039-FC7B4BC93B06}.DVD-5|Any CPU.ActiveCfg = Debug|x86
		{01B93A05-D068-4FC0-9039-FC7B4BC93B06}.DVD-5|Mixed Platforms.ActiveCfg = Debug|x86
		{01B93A05-D068-4FC0-9039-FC7B4BC93B06}.DVD-5|Mixed Platforms.Build.0 = Debug|x86
		{01B93A05-D068-4FC0-9039-FC7B4BC93B06}.DVD-5|x64.ActiveCfg = Debug|x86
		{01B93A05-D068-4FC0-9039-FC7B4BC93B06}.DVD-5|x86.ActiveCfg = Debug|x86
		{01B93A05-D068-4FC0-9039-FC7B4BC93B06}.DVD-5|x86.Build.0 = Debug|x86
		{01B93A05-D068-4FC0-9039-FC7B4BC93B06}.Release|Any CPU.ActiveCfg = Release|x86
		{01B93A05-D068-4FC0-9039-FC7B4BC93B06}.Release|Mixed Platforms.ActiveCfg = Release|x86
		{01B93A05-D068-4FC0-9039-FC7B4BC93B06}.Release|Mixed Platforms.Build.0 = Release|x86
		{01B93A05-D068-4FC0-9039-FC7B4BC93B06}.Release|x64.ActiveCfg = Release|x86
		{01B93A05-D068-4FC0-9039-FC7B4BC93B06}.Release|x86.ActiveCfg = Release|x86
		{01B93A05-D068-4FC0-9039-FC7B4BC93B06}.Release|x86.Build.0 = Release|x86
		{01B93A05-D068-4FC0-9039-FC7B4BC93B06}.SingleImage|Any CPU.ActiveCfg = Release|x86
		{01B93A05-D068-4FC0-9039-FC7B4BC93B06}.SingleImage|Mixed Platforms.ActiveCfg = Release|x86
		{01B93A05-D068-4FC0-9039-FC7B4BC93B06}.SingleImage|Mixed Platforms.Build.0 = Release|x86
		{01B93A05-D068-4FC0-9039-FC7B4BC93B06}.SingleImage|x64.ActiveCfg = Debug|x86
		{01B93A05-D068-4FC0-9039-FC7B4BC93B06}.SingleImage|x86.ActiveCfg = Release|x86
		{01B93A05-D068-4FC0-9039-FC7B4BC93B06}.SingleImage|x86.Build.0 = Release|x86
		{AB691316-6596-4B28-A649-CC0299E92622}.CD_ROM|Any CPU.ActiveCfg = Release|x86
		{AB691316-6596-4B28-A649-CC0299E92622}.CD_ROM|Mixed Platforms.ActiveCfg = Release|x86
		{AB691316-6596-4B28-A649-CC0299E92622}.CD_ROM|Mixed Platforms.Build.0 = Release|x86
		{AB691316-6596-4B28-A649-CC0299E92622}.CD_ROM|x64.ActiveCfg = Debug|x86
		{AB691316-6596-4B28-A649-CC0299E92622}.CD_ROM|x86.ActiveCfg = Release|x86
		{AB691316-6596-4B28-A649-CC0299E92622}.CD_ROM|x86.Build.0 = Release|x86
		{AB691316-6596-4B28-A649-CC0299E92622}.Debug|Any CPU.ActiveCfg = Debug|x86
		{AB691316-6596-4B28-A649-CC0299E92622}.Debug|Mixed Platforms.ActiveCfg = Debug|x86
		{AB691316-6596-4B28-A649-CC0299E92622}.Debug|Mixed Platforms.Build.0 = Debug|x86
		{AB691316-6596-4B28-A649-CC0299E92622}.Debug|x64.ActiveCfg = Debug|x86
		{AB691316-6596-4B28-A649-CC0299E92622}.Debug|x86.ActiveCfg = Debug|x86
		{AB691316-6596-4B28-A649-CC0299E92622}.Debug|x86.Build.0 = Debug|x86
		{AB691316-6596-4B28-A649-CC0299E92622}.DVD-5|Any CPU.ActiveCfg = Debug|x86
		{AB691316-6596-4B28-A649-CC0299E92622}.DVD-5|Mixed Platforms.ActiveCfg = Debug|x86
		{AB691316-6596-4B28-A649-CC0299E92622}.DVD-5|Mixed Platforms.Build.0 = Debug|x86
		{AB691316-6596-4B28-A649-CC0299E92622}.DVD-5|x64.ActiveCfg = Debug|x86
		{AB691316-6596-4B28-A649-CC0299E92622}.DVD-5|x86.ActiveCfg = Debug|x86
		{AB691316-6596-4B28-A649-CC0299E92622}.DVD-5|x86.Build.0 = Debug|x86
		{AB691316-6596-4B28-A649-CC0299E92622}.Release|Any CPU.ActiveCfg = Release|x86
		{AB691316-6596-4B28-A649-CC0299E92622}.Release|Mixed Platforms.ActiveCfg = Release|x86
		{AB691316-6596-4B28-A649-CC0299E92622}.Release|Mixed Platforms.Build.0 = Release|x86
		{AB691316-6596-4B28-A649-CC0299E92622}.Release|x64.ActiveCfg = Release|x86
		{AB691316-6596-4B28-A649-CC0299E92622}.Release|x86.ActiveCfg = Release|x86
		{AB691316-6596-4B28-A649-CC0299E92622}.Release|x86.Build.0 = Release|x86
		{AB691316-6596-4B28-A649-CC0299E92622}.SingleImage|Any CPU.ActiveCfg = Release|x86
		{AB691316-6596-4B28-A649-CC0299E92622}.SingleImage|Mixed Platforms.ActiveCfg = Release|x86
		{AB691316-6596-4B28-A649-CC0299E92622}.SingleImage|Mixed Platforms.Build.0 = Release|x86
		{AB691316-6596-4B28-A649-CC0299E92622}.SingleImage|x64.ActiveCfg = Debug|x86
		{AB691316-6596-4B28-A649-CC0299E92622}.SingleImage|x86.ActiveCfg = Release|x86
		{AB691316-6596-4B28-A649-CC0299E92622}.SingleImage|x86.Build.0 = Release|x86
		{D43A8351-400C-459A-A3DD-175F0149FBF7}.CD_ROM|Any CPU.ActiveCfg = Release|x86
		{D43A8351-400C-459A-A3DD-175F0149FBF7}.CD_ROM|Mixed Platforms.ActiveCfg = Release|x86
		{D43A8351-400C-459A-A3DD-175F0149FBF7}.CD_ROM|Mixed Platforms.Build.0 = Release|x86
		{D43A8351-400C-459A-A3DD-175F0149FBF7}.CD_ROM|x64.ActiveCfg = Debug|x86
		{D43A8351-400C-459A-A3DD-175F0149FBF7}.CD_ROM|x86.ActiveCfg = Release|x86
		{D43A8351-400C-459A-A3DD-175F0149FBF7}.CD_ROM|x86.Build.0 = Release|x86
		{D43A8351-400C-459A-A3DD-175F0149FBF7}.Debug|Any CPU.ActiveCfg = Debug|x86
		{D43A8351-400C-459A-A3DD-175F0149FBF7}.Debug|Mixed Platforms.ActiveCfg = Debug|x86
		{D43A8351-400C-459A-A3DD-175F0149FBF7}.Debug|Mixed Platforms.Build.0 = Debug|x86
		{D43A8351-400C-459A-A3DD-175F0149FBF7}.Debug|x64.ActiveCfg = Debug|x86
		{D43A8351-400C-459A-A3DD-175F0149FBF7}.Debug|x86.ActiveCfg = Debug|x86
		{D43A8351-400C-459A-A3DD-175F0149FBF7}.Debug|x86.Build.0 = Debug|x86
		{D43A8351-400C-459A-A3DD-175F0149FBF7}.DVD-5|Any CPU.ActiveCfg = Debug|x86
		{D43A8351-400C-459A-A3DD-175F0149FBF7}.DVD-5|Mixed Platforms.ActiveCfg = Debug|x86
		{D43A8351-400C-459A-A3DD-175F0149FBF7}.DVD-5|Mixed Platforms.Build.0 = Debug|x86
		{D43A8351-400C-459A-A3DD-175F0149FBF7}.DVD-5|x64.ActiveCfg = Debug|x86
		{D43A8351-400C-459A-A3DD-175F0149FBF7}.DVD-5|x86.ActiveCfg = Debug|x86
		{D43A8351-400C-459A-A3DD-175F0149FBF7}.DVD-5|x86.Build.0 = Debug|x86
		{D43A8351-400C-459A-A3DD-175F0149FBF7}.Release|Any CPU.ActiveCfg = Release|x86
		{D43A8351-400C-459A-A3DD-175F0149FBF7}.Release|Mixed Platforms.ActiveCfg = Release|x86
		{D43A8351-400C-459A-A3DD-175F0149FBF7}.Release|Mixed Platforms.Build.0 = Release|x86
		{D43A8351-400C-459A-A3DD-175F0149FBF7}.Release|x64.ActiveCfg = Release|x86
		{D43A8351-400C-459A-A3DD-175F0149FBF7}.Release|x86.ActiveCfg = Release|x86
		{D43A8351-400C-459A-A3DD-175F0149FBF7}.Release|x86.Build.0 = Release|x86
		{D43A8351-400C-459A-A3DD-175F0149FBF7}.SingleImage|Any CPU.ActiveCfg = Release|x86
		{D43A8351-400C-459A-A3DD-175F0149FBF7}.SingleImage|Mixed Platforms.ActiveCfg = Release|x86
		{D43A8351-400C-459A-A3DD-175F0149FBF7}.SingleImage|Mixed Platforms.Build.0 = Release|x86
		{D43A8351-400C-459A-A3DD-175F0149FBF7}.SingleImage|x64.ActiveCfg = Debug|x86
		{D43A8351-400C-459A-A3DD-175F0149FBF7}.SingleImage|x86.ActiveCfg = Release|x86
		{D43A8351-400C-459A-A3DD-175F0149FBF7}.SingleImage|x86.Build.0 = Release|x86
		{4828DAEC-EF99-4553-B674-4374F77C6D66}.CD_ROM|Any CPU.ActiveCfg = Release|Any CPU
		{4828DAEC-EF99-4553-B674-4374F77C6D66}.CD_ROM|Any CPU.Build.0 = Release|Any CPU
		{4828DAEC-EF99-4553-B674-4374F77C6D66}.CD_ROM|Mixed Platforms.ActiveCfg = Release|x86
		{4828DAEC-EF99-4553-B674-4374F77C6D66}.CD_ROM|Mixed Platforms.Build.0 = Release|x86
		{4828DAEC-EF99-4553-B674-4374F77C6D66}.CD_ROM|x64.ActiveCfg = Release|x64
		{4828DAEC-EF99-4553-B674-4374F77C6D66}.CD_ROM|x64.Build.0 = Release|x64
		{4828DAEC-EF99-4553-B674-4374F77C6D66}.CD_ROM|x86.ActiveCfg = Release|x86
		{4828DAEC-EF99-4553-B674-4374F77C6D66}.CD_ROM|x86.Build.0 = Release|x86
		{4828DAEC-EF99-4553-B674-4374F77C6D66}.Debug|Any CPU.ActiveCfg = Debug|Any CPU
		{4828DAEC-EF99-4553-B674-4374F77C6D66}.Debug|Any CPU.Build.0 = Debug|Any CPU
		{4828DAEC-EF99-4553-B674-4374F77C6D66}.Debug|Mixed Platforms.ActiveCfg = Debug|x86
		{4828DAEC-EF99-4553-B674-4374F77C6D66}.Debug|Mixed Platforms.Build.0 = Debug|x86
		{4828DAEC-EF99-4553-B674-4374F77C6D66}.Debug|x64.ActiveCfg = Debug|x64
		{4828DAEC-EF99-4553-B674-4374F77C6D66}.Debug|x64.Build.0 = Debug|x64
		{4828DAEC-EF99-4553-B674-4374F77C6D66}.Debug|x86.ActiveCfg = Debug|x86
		{4828DAEC-EF99-4553-B674-4374F77C6D66}.Debug|x86.Build.0 = Debug|x86
		{4828DAEC-EF99-4553-B674-4374F77C6D66}.DVD-5|Any CPU.ActiveCfg = Debug|Any CPU
		{4828DAEC-EF99-4553-B674-4374F77C6D66}.DVD-5|Any CPU.Build.0 = Debug|Any CPU
		{4828DAEC-EF99-4553-B674-4374F77C6D66}.DVD-5|Mixed Platforms.ActiveCfg = Debug|x86
		{4828DAEC-EF99-4553-B674-4374F77C6D66}.DVD-5|Mixed Platforms.Build.0 = Debug|x86
		{4828DAEC-EF99-4553-B674-4374F77C6D66}.DVD-5|x64.ActiveCfg = Debug|x64
		{4828DAEC-EF99-4553-B674-4374F77C6D66}.DVD-5|x64.Build.0 = Debug|x64
		{4828DAEC-EF99-4553-B674-4374F77C6D66}.DVD-5|x86.ActiveCfg = Debug|x86
		{4828DAEC-EF99-4553-B674-4374F77C6D66}.DVD-5|x86.Build.0 = Debug|x86
		{4828DAEC-EF99-4553-B674-4374F77C6D66}.Release|Any CPU.ActiveCfg = Release|Any CPU
		{4828DAEC-EF99-4553-B674-4374F77C6D66}.Release|Any CPU.Build.0 = Release|Any CPU
		{4828DAEC-EF99-4553-B674-4374F77C6D66}.Release|Mixed Platforms.ActiveCfg = Release|x86
		{4828DAEC-EF99-4553-B674-4374F77C6D66}.Release|Mixed Platforms.Build.0 = Release|x86
		{4828DAEC-EF99-4553-B674-4374F77C6D66}.Release|x64.ActiveCfg = Release|x64
		{4828DAEC-EF99-4553-B674-4374F77C6D66}.Release|x64.Build.0 = Release|x64
		{4828DAEC-EF99-4553-B674-4374F77C6D66}.Release|x86.ActiveCfg = Release|x86
		{4828DAEC-EF99-4553-B674-4374F77C6D66}.Release|x86.Build.0 = Release|x86
		{4828DAEC-EF99-4553-B674-4374F77C6D66}.SingleImage|Any CPU.ActiveCfg = Release|Any CPU
		{4828DAEC-EF99-4553-B674-4374F77C6D66}.SingleImage|Any CPU.Build.0 = Release|Any CPU
		{4828DAEC-EF99-4553-B674-4374F77C6D66}.SingleImage|Mixed Platforms.ActiveCfg = Release|x86
		{4828DAEC-EF99-4553-B674-4374F77C6D66}.SingleImage|Mixed Platforms.Build.0 = Release|x86
		{4828DAEC-EF99-4553-B674-4374F77C6D66}.SingleImage|x64.ActiveCfg = Release|x64
		{4828DAEC-EF99-4553-B674-4374F77C6D66}.SingleImage|x64.Build.0 = Release|x64
		{4828DAEC-EF99-4553-B674-4374F77C6D66}.SingleImage|x86.ActiveCfg = Release|x86
		{4828DAEC-EF99-4553-B674-4374F77C6D66}.SingleImage|x86.Build.0 = Release|x86
		{A4394E7B-1155-43A6-989E-8AB72DDDC9E4}.CD_ROM|Any CPU.ActiveCfg = Release|Any CPU
		{A4394E7B-1155-43A6-989E-8AB72DDDC9E4}.CD_ROM|Any CPU.Build.0 = Release|Any CPU
		{A4394E7B-1155-43A6-989E-8AB72DDDC9E4}.CD_ROM|Mixed Platforms.ActiveCfg = Release|x86
		{A4394E7B-1155-43A6-989E-8AB72DDDC9E4}.CD_ROM|Mixed Platforms.Build.0 = Release|x86
		{A4394E7B-1155-43A6-989E-8AB72DDDC9E4}.CD_ROM|x64.ActiveCfg = Release|x64
		{A4394E7B-1155-43A6-989E-8AB72DDDC9E4}.CD_ROM|x64.Build.0 = Release|x64
		{A4394E7B-1155-43A6-989E-8AB72DDDC9E4}.CD_ROM|x86.ActiveCfg = Release|x86
		{A4394E7B-1155-43A6-989E-8AB72DDDC9E4}.CD_ROM|x86.Build.0 = Release|x86
		{A4394E7B-1155-43A6-989E-8AB72DDDC9E4}.Debug|Any CPU.ActiveCfg = Debug|Any CPU
		{A4394E7B-1155-43A6-989E-8AB72DDDC9E4}.Debug|Any CPU.Build.0 = Debug|Any CPU
		{A4394E7B-1155-43A6-989E-8AB72DDDC9E4}.Debug|Mixed Platforms.ActiveCfg = Debug|x86
		{A4394E7B-1155-43A6-989E-8AB72DDDC9E4}.Debug|Mixed Platforms.Build.0 = Debug|x86
		{A4394E7B-1155-43A6-989E-8AB72DDDC9E4}.Debug|x64.ActiveCfg = Debug|x64
		{A4394E7B-1155-43A6-989E-8AB72DDDC9E4}.Debug|x64.Build.0 = Debug|x64
		{A4394E7B-1155-43A6-989E-8AB72DDDC9E4}.Debug|x86.ActiveCfg = Debug|x86
		{A4394E7B-1155-43A6-989E-8AB72DDDC9E4}.Debug|x86.Build.0 = Debug|x86
		{A4394E7B-1155-43A6-989E-8AB72DDDC9E4}.DVD-5|Any CPU.ActiveCfg = Debug|Any CPU
		{A4394E7B-1155-43A6-989E-8AB72DDDC9E4}.DVD-5|Any CPU.Build.0 = Debug|Any CPU
		{A4394E7B-1155-43A6-989E-8AB72DDDC9E4}.DVD-5|Mixed Platforms.ActiveCfg = Debug|x86
		{A4394E7B-1155-43A6-989E-8AB72DDDC9E4}.DVD-5|Mixed Platforms.Build.0 = Debug|x86
		{A4394E7B-1155-43A6-989E-8AB72DDDC9E4}.DVD-5|x64.ActiveCfg = Debug|x64
		{A4394E7B-1155-43A6-989E-8AB72DDDC9E4}.DVD-5|x64.Build.0 = Debug|x64
		{A4394E7B-1155-43A6-989E-8AB72DDDC9E4}.DVD-5|x86.ActiveCfg = Debug|x86
		{A4394E7B-1155-43A6-989E-8AB72DDDC9E4}.DVD-5|x86.Build.0 = Debug|x86
		{A4394E7B-1155-43A6-989E-8AB72DDDC9E4}.Release|Any CPU.ActiveCfg = Release|Any CPU
		{A4394E7B-1155-43A6-989E-8AB72DDDC9E4}.Release|Any CPU.Build.0 = Release|Any CPU
		{A4394E7B-1155-43A6-989E-8AB72DDDC9E4}.Release|Mixed Platforms.ActiveCfg = Release|x86
		{A4394E7B-1155-43A6-989E-8AB72DDDC9E4}.Release|Mixed Platforms.Build.0 = Release|x86
		{A4394E7B-1155-43A6-989E-8AB72DDDC9E4}.Release|x64.ActiveCfg = Release|x64
		{A4394E7B-1155-43A6-989E-8AB72DDDC9E4}.Release|x64.Build.0 = Release|x64
		{A4394E7B-1155-43A6-989E-8AB72DDDC9E4}.Release|x86.ActiveCfg = Release|x86
		{A4394E7B-1155-43A6-989E-8AB72DDDC9E4}.Release|x86.Build.0 = Release|x86
		{A4394E7B-1155-43A6-989E-8AB72DDDC9E4}.SingleImage|Any CPU.ActiveCfg = Release|Any CPU
		{A4394E7B-1155-43A6-989E-8AB72DDDC9E4}.SingleImage|Any CPU.Build.0 = Release|Any CPU
		{A4394E7B-1155-43A6-989E-8AB72DDDC9E4}.SingleImage|Mixed Platforms.ActiveCfg = Release|x86
		{A4394E7B-1155-43A6-989E-8AB72DDDC9E4}.SingleImage|Mixed Platforms.Build.0 = Release|x86
		{A4394E7B-1155-43A6-989E-8AB72DDDC9E4}.SingleImage|x64.ActiveCfg = Release|x64
		{A4394E7B-1155-43A6-989E-8AB72DDDC9E4}.SingleImage|x64.Build.0 = Release|x64
		{A4394E7B-1155-43A6-989E-8AB72DDDC9E4}.SingleImage|x86.ActiveCfg = Release|x86
		{A4394E7B-1155-43A6-989E-8AB72DDDC9E4}.SingleImage|x86.Build.0 = Release|x86
		{23EE5140-2C2C-4B53-A954-10B08DCA6BD6}.CD_ROM|Any CPU.ActiveCfg = Release|x86
		{23EE5140-2C2C-4B53-A954-10B08DCA6BD6}.CD_ROM|Mixed Platforms.ActiveCfg = Release|x86
		{23EE5140-2C2C-4B53-A954-10B08DCA6BD6}.CD_ROM|Mixed Platforms.Build.0 = Release|x86
		{23EE5140-2C2C-4B53-A954-10B08DCA6BD6}.CD_ROM|x64.ActiveCfg = Release|x64
		{23EE5140-2C2C-4B53-A954-10B08DCA6BD6}.CD_ROM|x64.Build.0 = Release|x64
		{23EE5140-2C2C-4B53-A954-10B08DCA6BD6}.CD_ROM|x86.ActiveCfg = Release|x86
		{23EE5140-2C2C-4B53-A954-10B08DCA6BD6}.CD_ROM|x86.Build.0 = Release|x86
		{23EE5140-2C2C-4B53-A954-10B08DCA6BD6}.Debug|Any CPU.ActiveCfg = Debug|x86
		{23EE5140-2C2C-4B53-A954-10B08DCA6BD6}.Debug|Mixed Platforms.ActiveCfg = Debug|x86
		{23EE5140-2C2C-4B53-A954-10B08DCA6BD6}.Debug|Mixed Platforms.Build.0 = Debug|x86
		{23EE5140-2C2C-4B53-A954-10B08DCA6BD6}.Debug|x64.ActiveCfg = Debug|x64
		{23EE5140-2C2C-4B53-A954-10B08DCA6BD6}.Debug|x64.Build.0 = Debug|x64
		{23EE5140-2C2C-4B53-A954-10B08DCA6BD6}.Debug|x86.ActiveCfg = Debug|x86
		{23EE5140-2C2C-4B53-A954-10B08DCA6BD6}.Debug|x86.Build.0 = Debug|x86
		{23EE5140-2C2C-4B53-A954-10B08DCA6BD6}.DVD-5|Any CPU.ActiveCfg = Debug|x86
		{23EE5140-2C2C-4B53-A954-10B08DCA6BD6}.DVD-5|Mixed Platforms.ActiveCfg = Debug|x86
		{23EE5140-2C2C-4B53-A954-10B08DCA6BD6}.DVD-5|Mixed Platforms.Build.0 = Debug|x86
		{23EE5140-2C2C-4B53-A954-10B08DCA6BD6}.DVD-5|x64.ActiveCfg = Debug|x64
		{23EE5140-2C2C-4B53-A954-10B08DCA6BD6}.DVD-5|x64.Build.0 = Debug|x64
		{23EE5140-2C2C-4B53-A954-10B08DCA6BD6}.DVD-5|x86.ActiveCfg = Debug|x86
		{23EE5140-2C2C-4B53-A954-10B08DCA6BD6}.DVD-5|x86.Build.0 = Debug|x86
		{23EE5140-2C2C-4B53-A954-10B08DCA6BD6}.Release|Any CPU.ActiveCfg = Release|x86
		{23EE5140-2C2C-4B53-A954-10B08DCA6BD6}.Release|Mixed Platforms.ActiveCfg = Release|x86
		{23EE5140-2C2C-4B53-A954-10B08DCA6BD6}.Release|Mixed Platforms.Build.0 = Release|x86
		{23EE5140-2C2C-4B53-A954-10B08DCA6BD6}.Release|x64.ActiveCfg = Release|x64
		{23EE5140-2C2C-4B53-A954-10B08DCA6BD6}.Release|x64.Build.0 = Release|x64
		{23EE5140-2C2C-4B53-A954-10B08DCA6BD6}.Release|x86.ActiveCfg = Release|x86
		{23EE5140-2C2C-4B53-A954-10B08DCA6BD6}.Release|x86.Build.0 = Release|x86
		{23EE5140-2C2C-4B53-A954-10B08DCA6BD6}.SingleImage|Any CPU.ActiveCfg = Release|x86
		{23EE5140-2C2C-4B53-A954-10B08DCA6BD6}.SingleImage|Mixed Platforms.ActiveCfg = Release|x86
		{23EE5140-2C2C-4B53-A954-10B08DCA6BD6}.SingleImage|Mixed Platforms.Build.0 = Release|x86
		{23EE5140-2C2C-4B53-A954-10B08DCA6BD6}.SingleImage|x64.ActiveCfg = Release|x64
		{23EE5140-2C2C-4B53-A954-10B08DCA6BD6}.SingleImage|x64.Build.0 = Release|x64
		{23EE5140-2C2C-4B53-A954-10B08DCA6BD6}.SingleImage|x86.ActiveCfg = Release|x86
		{23EE5140-2C2C-4B53-A954-10B08DCA6BD6}.SingleImage|x86.Build.0 = Release|x86
		{E5F84885-7ADB-4642-BBEE-1F031BB6844B}.CD_ROM|Any CPU.ActiveCfg = Release|Any CPU
		{E5F84885-7ADB-4642-BBEE-1F031BB6844B}.CD_ROM|Any CPU.Build.0 = Release|Any CPU
		{E5F84885-7ADB-4642-BBEE-1F031BB6844B}.CD_ROM|Mixed Platforms.ActiveCfg = Release|Any CPU
		{E5F84885-7ADB-4642-BBEE-1F031BB6844B}.CD_ROM|Mixed Platforms.Build.0 = Release|Any CPU
		{E5F84885-7ADB-4642-BBEE-1F031BB6844B}.CD_ROM|x64.ActiveCfg = Release|Any CPU
		{E5F84885-7ADB-4642-BBEE-1F031BB6844B}.CD_ROM|x86.ActiveCfg = Release|Any CPU
		{E5F84885-7ADB-4642-BBEE-1F031BB6844B}.Debug|Any CPU.ActiveCfg = Debug|Any CPU
		{E5F84885-7ADB-4642-BBEE-1F031BB6844B}.Debug|Any CPU.Build.0 = Debug|Any CPU
		{E5F84885-7ADB-4642-BBEE-1F031BB6844B}.Debug|Mixed Platforms.ActiveCfg = Debug|Any CPU
		{E5F84885-7ADB-4642-BBEE-1F031BB6844B}.Debug|Mixed Platforms.Build.0 = Debug|Any CPU
		{E5F84885-7ADB-4642-BBEE-1F031BB6844B}.Debug|x64.ActiveCfg = Debug|Any CPU
		{E5F84885-7ADB-4642-BBEE-1F031BB6844B}.Debug|x86.ActiveCfg = Debug|Any CPU
		{E5F84885-7ADB-4642-BBEE-1F031BB6844B}.DVD-5|Any CPU.ActiveCfg = Debug|Any CPU
		{E5F84885-7ADB-4642-BBEE-1F031BB6844B}.DVD-5|Any CPU.Build.0 = Debug|Any CPU
		{E5F84885-7ADB-4642-BBEE-1F031BB6844B}.DVD-5|Mixed Platforms.ActiveCfg = Debug|Any CPU
		{E5F84885-7ADB-4642-BBEE-1F031BB6844B}.DVD-5|Mixed Platforms.Build.0 = Debug|Any CPU
		{E5F84885-7ADB-4642-BBEE-1F031BB6844B}.DVD-5|x64.ActiveCfg = Debug|Any CPU
		{E5F84885-7ADB-4642-BBEE-1F031BB6844B}.DVD-5|x86.ActiveCfg = Debug|Any CPU
		{E5F84885-7ADB-4642-BBEE-1F031BB6844B}.Release|Any CPU.ActiveCfg = Release|Any CPU
		{E5F84885-7ADB-4642-BBEE-1F031BB6844B}.Release|Any CPU.Build.0 = Release|Any CPU
		{E5F84885-7ADB-4642-BBEE-1F031BB6844B}.Release|Mixed Platforms.ActiveCfg = Release|Any CPU
		{E5F84885-7ADB-4642-BBEE-1F031BB6844B}.Release|Mixed Platforms.Build.0 = Release|Any CPU
		{E5F84885-7ADB-4642-BBEE-1F031BB6844B}.Release|x64.ActiveCfg = Release|Any CPU
		{E5F84885-7ADB-4642-BBEE-1F031BB6844B}.Release|x86.ActiveCfg = Release|Any CPU
		{E5F84885-7ADB-4642-BBEE-1F031BB6844B}.SingleImage|Any CPU.ActiveCfg = Release|Any CPU
		{E5F84885-7ADB-4642-BBEE-1F031BB6844B}.SingleImage|Any CPU.Build.0 = Release|Any CPU
		{E5F84885-7ADB-4642-BBEE-1F031BB6844B}.SingleImage|Mixed Platforms.ActiveCfg = Release|Any CPU
		{E5F84885-7ADB-4642-BBEE-1F031BB6844B}.SingleImage|Mixed Platforms.Build.0 = Release|Any CPU
		{E5F84885-7ADB-4642-BBEE-1F031BB6844B}.SingleImage|x64.ActiveCfg = Release|Any CPU
		{E5F84885-7ADB-4642-BBEE-1F031BB6844B}.SingleImage|x86.ActiveCfg = Release|Any CPU
		{69C865BD-2CBB-4337-994F-CE67966267AC}.CD_ROM|Any CPU.ActiveCfg = Release|Any CPU
		{69C865BD-2CBB-4337-994F-CE67966267AC}.CD_ROM|Any CPU.Build.0 = Release|Any CPU
		{69C865BD-2CBB-4337-994F-CE67966267AC}.CD_ROM|Mixed Platforms.ActiveCfg = Release|Any CPU
		{69C865BD-2CBB-4337-994F-CE67966267AC}.CD_ROM|Mixed Platforms.Build.0 = Release|Any CPU
		{69C865BD-2CBB-4337-994F-CE67966267AC}.CD_ROM|x64.ActiveCfg = Release|Any CPU
		{69C865BD-2CBB-4337-994F-CE67966267AC}.CD_ROM|x86.ActiveCfg = Release|Any CPU
		{69C865BD-2CBB-4337-994F-CE67966267AC}.Debug|Any CPU.ActiveCfg = Debug|Any CPU
		{69C865BD-2CBB-4337-994F-CE67966267AC}.Debug|Any CPU.Build.0 = Debug|Any CPU
		{69C865BD-2CBB-4337-994F-CE67966267AC}.Debug|Mixed Platforms.ActiveCfg = Debug|Any CPU
		{69C865BD-2CBB-4337-994F-CE67966267AC}.Debug|Mixed Platforms.Build.0 = Debug|Any CPU
		{69C865BD-2CBB-4337-994F-CE67966267AC}.Debug|x64.ActiveCfg = Debug|Any CPU
		{69C865BD-2CBB-4337-994F-CE67966267AC}.Debug|x86.ActiveCfg = Debug|Any CPU
		{69C865BD-2CBB-4337-994F-CE67966267AC}.DVD-5|Any CPU.ActiveCfg = Debug|Any CPU
		{69C865BD-2CBB-4337-994F-CE67966267AC}.DVD-5|Any CPU.Build.0 = Debug|Any CPU
		{69C865BD-2CBB-4337-994F-CE67966267AC}.DVD-5|Mixed Platforms.ActiveCfg = Debug|Any CPU
		{69C865BD-2CBB-4337-994F-CE67966267AC}.DVD-5|Mixed Platforms.Build.0 = Debug|Any CPU
		{69C865BD-2CBB-4337-994F-CE67966267AC}.DVD-5|x64.ActiveCfg = Debug|Any CPU
		{69C865BD-2CBB-4337-994F-CE67966267AC}.DVD-5|x86.ActiveCfg = Debug|Any CPU
		{69C865BD-2CBB-4337-994F-CE67966267AC}.Release|Any CPU.ActiveCfg = Release|Any CPU
		{69C865BD-2CBB-4337-994F-CE67966267AC}.Release|Any CPU.Build.0 = Release|Any CPU
		{69C865BD-2CBB-4337-994F-CE67966267AC}.Release|Mixed Platforms.ActiveCfg = Release|Any CPU
		{69C865BD-2CBB-4337-994F-CE67966267AC}.Release|Mixed Platforms.Build.0 = Release|Any CPU
		{69C865BD-2CBB-4337-994F-CE67966267AC}.Release|x64.ActiveCfg = Release|Any CPU
		{69C865BD-2CBB-4337-994F-CE67966267AC}.Release|x86.ActiveCfg = Release|Any CPU
		{69C865BD-2CBB-4337-994F-CE67966267AC}.SingleImage|Any CPU.ActiveCfg = Release|Any CPU
		{69C865BD-2CBB-4337-994F-CE67966267AC}.SingleImage|Any CPU.Build.0 = Release|Any CPU
		{69C865BD-2CBB-4337-994F-CE67966267AC}.SingleImage|Mixed Platforms.ActiveCfg = Release|Any CPU
		{69C865BD-2CBB-4337-994F-CE67966267AC}.SingleImage|Mixed Platforms.Build.0 = Release|Any CPU
		{69C865BD-2CBB-4337-994F-CE67966267AC}.SingleImage|x64.ActiveCfg = Release|Any CPU
		{69C865BD-2CBB-4337-994F-CE67966267AC}.SingleImage|x86.ActiveCfg = Release|Any CPU
		{B350B713-4F72-42D1-9469-19431C41797F}.CD_ROM|Any CPU.ActiveCfg = Release|Any CPU
		{B350B713-4F72-42D1-9469-19431C41797F}.CD_ROM|Any CPU.Build.0 = Release|Any CPU
		{B350B713-4F72-42D1-9469-19431C41797F}.CD_ROM|Mixed Platforms.ActiveCfg = Release|Any CPU
		{B350B713-4F72-42D1-9469-19431C41797F}.CD_ROM|Mixed Platforms.Build.0 = Release|Any CPU
		{B350B713-4F72-42D1-9469-19431C41797F}.CD_ROM|x64.ActiveCfg = Release|Any CPU
		{B350B713-4F72-42D1-9469-19431C41797F}.CD_ROM|x86.ActiveCfg = Release|Any CPU
		{B350B713-4F72-42D1-9469-19431C41797F}.Debug|Any CPU.ActiveCfg = Debug|Any CPU
		{B350B713-4F72-42D1-9469-19431C41797F}.Debug|Any CPU.Build.0 = Debug|Any CPU
		{B350B713-4F72-42D1-9469-19431C41797F}.Debug|Mixed Platforms.ActiveCfg = Debug|Any CPU
		{B350B713-4F72-42D1-9469-19431C41797F}.Debug|Mixed Platforms.Build.0 = Debug|Any CPU
		{B350B713-4F72-42D1-9469-19431C41797F}.Debug|x64.ActiveCfg = Debug|Any CPU
		{B350B713-4F72-42D1-9469-19431C41797F}.Debug|x86.ActiveCfg = Debug|Any CPU
		{B350B713-4F72-42D1-9469-19431C41797F}.DVD-5|Any CPU.ActiveCfg = Debug|Any CPU
		{B350B713-4F72-42D1-9469-19431C41797F}.DVD-5|Any CPU.Build.0 = Debug|Any CPU
		{B350B713-4F72-42D1-9469-19431C41797F}.DVD-5|Mixed Platforms.ActiveCfg = Debug|Any CPU
		{B350B713-4F72-42D1-9469-19431C41797F}.DVD-5|Mixed Platforms.Build.0 = Debug|Any CPU
		{B350B713-4F72-42D1-9469-19431C41797F}.DVD-5|x64.ActiveCfg = Debug|Any CPU
		{B350B713-4F72-42D1-9469-19431C41797F}.DVD-5|x86.ActiveCfg = Debug|Any CPU
		{B350B713-4F72-42D1-9469-19431C41797F}.Release|Any CPU.ActiveCfg = Release|Any CPU
		{B350B713-4F72-42D1-9469-19431C41797F}.Release|Any CPU.Build.0 = Release|Any CPU
		{B350B713-4F72-42D1-9469-19431C41797F}.Release|Mixed Platforms.ActiveCfg = Release|Any CPU
		{B350B713-4F72-42D1-9469-19431C41797F}.Release|Mixed Platforms.Build.0 = Release|Any CPU
		{B350B713-4F72-42D1-9469-19431C41797F}.Release|x64.ActiveCfg = Release|Any CPU
		{B350B713-4F72-42D1-9469-19431C41797F}.Release|x86.ActiveCfg = Release|Any CPU
		{B350B713-4F72-42D1-9469-19431C41797F}.SingleImage|Any CPU.ActiveCfg = Release|Any CPU
		{B350B713-4F72-42D1-9469-19431C41797F}.SingleImage|Any CPU.Build.0 = Release|Any CPU
		{B350B713-4F72-42D1-9469-19431C41797F}.SingleImage|Mixed Platforms.ActiveCfg = Release|Any CPU
		{B350B713-4F72-42D1-9469-19431C41797F}.SingleImage|Mixed Platforms.Build.0 = Release|Any CPU
		{B350B713-4F72-42D1-9469-19431C41797F}.SingleImage|x64.ActiveCfg = Release|Any CPU
		{B350B713-4F72-42D1-9469-19431C41797F}.SingleImage|x86.ActiveCfg = Release|Any CPU
		{7AB3D193-93CB-424C-9EC4-17F84DB5645A}.CD_ROM|Any CPU.ActiveCfg = Release|Any CPU
		{7AB3D193-93CB-424C-9EC4-17F84DB5645A}.CD_ROM|Any CPU.Build.0 = Release|Any CPU
		{7AB3D193-93CB-424C-9EC4-17F84DB5645A}.CD_ROM|Mixed Platforms.ActiveCfg = Release|Any CPU
		{7AB3D193-93CB-424C-9EC4-17F84DB5645A}.CD_ROM|Mixed Platforms.Build.0 = Release|Any CPU
		{7AB3D193-93CB-424C-9EC4-17F84DB5645A}.CD_ROM|x64.ActiveCfg = Release|Any CPU
		{7AB3D193-93CB-424C-9EC4-17F84DB5645A}.CD_ROM|x86.ActiveCfg = Release|Any CPU
		{7AB3D193-93CB-424C-9EC4-17F84DB5645A}.Debug|Any CPU.ActiveCfg = Debug|Any CPU
		{7AB3D193-93CB-424C-9EC4-17F84DB5645A}.Debug|Any CPU.Build.0 = Debug|Any CPU
		{7AB3D193-93CB-424C-9EC4-17F84DB5645A}.Debug|Mixed Platforms.ActiveCfg = Debug|Any CPU
		{7AB3D193-93CB-424C-9EC4-17F84DB5645A}.Debug|Mixed Platforms.Build.0 = Debug|Any CPU
		{7AB3D193-93CB-424C-9EC4-17F84DB5645A}.Debug|x64.ActiveCfg = Debug|Any CPU
		{7AB3D193-93CB-424C-9EC4-17F84DB5645A}.Debug|x86.ActiveCfg = Debug|Any CPU
		{7AB3D193-93CB-424C-9EC4-17F84DB5645A}.DVD-5|Any CPU.ActiveCfg = Debug|Any CPU
		{7AB3D193-93CB-424C-9EC4-17F84DB5645A}.DVD-5|Any CPU.Build.0 = Debug|Any CPU
		{7AB3D193-93CB-424C-9EC4-17F84DB5645A}.DVD-5|Mixed Platforms.ActiveCfg = Debug|Any CPU
		{7AB3D193-93CB-424C-9EC4-17F84DB5645A}.DVD-5|Mixed Platforms.Build.0 = Debug|Any CPU
		{7AB3D193-93CB-424C-9EC4-17F84DB5645A}.DVD-5|x64.ActiveCfg = Debug|Any CPU
		{7AB3D193-93CB-424C-9EC4-17F84DB5645A}.DVD-5|x86.ActiveCfg = Debug|Any CPU
		{7AB3D193-93CB-424C-9EC4-17F84DB5645A}.Release|Any CPU.ActiveCfg = Release|Any CPU
		{7AB3D193-93CB-424C-9EC4-17F84DB5645A}.Release|Any CPU.Build.0 = Release|Any CPU
		{7AB3D193-93CB-424C-9EC4-17F84DB5645A}.Release|Mixed Platforms.ActiveCfg = Release|Any CPU
		{7AB3D193-93CB-424C-9EC4-17F84DB5645A}.Release|Mixed Platforms.Build.0 = Release|Any CPU
		{7AB3D193-93CB-424C-9EC4-17F84DB5645A}.Release|x64.ActiveCfg = Release|Any CPU
		{7AB3D193-93CB-424C-9EC4-17F84DB5645A}.Release|x86.ActiveCfg = Release|Any CPU
		{7AB3D193-93CB-424C-9EC4-17F84DB5645A}.SingleImage|Any CPU.ActiveCfg = Release|Any CPU
		{7AB3D193-93CB-424C-9EC4-17F84DB5645A}.SingleImage|Any CPU.Build.0 = Release|Any CPU
		{7AB3D193-93CB-424C-9EC4-17F84DB5645A}.SingleImage|Mixed Platforms.ActiveCfg = Release|Any CPU
		{7AB3D193-93CB-424C-9EC4-17F84DB5645A}.SingleImage|Mixed Platforms.Build.0 = Release|Any CPU
		{7AB3D193-93CB-424C-9EC4-17F84DB5645A}.SingleImage|x64.ActiveCfg = Release|Any CPU
		{7AB3D193-93CB-424C-9EC4-17F84DB5645A}.SingleImage|x86.ActiveCfg = Release|Any CPU
		{021290BE-C1FD-430D-99CF-C80066FAFDB9}.CD_ROM|Any CPU.ActiveCfg = Release|Any CPU
		{021290BE-C1FD-430D-99CF-C80066FAFDB9}.CD_ROM|Any CPU.Build.0 = Release|Any CPU
		{021290BE-C1FD-430D-99CF-C80066FAFDB9}.CD_ROM|Mixed Platforms.ActiveCfg = Release|Any CPU
		{021290BE-C1FD-430D-99CF-C80066FAFDB9}.CD_ROM|Mixed Platforms.Build.0 = Release|Any CPU
		{021290BE-C1FD-430D-99CF-C80066FAFDB9}.CD_ROM|x64.ActiveCfg = Release|Any CPU
		{021290BE-C1FD-430D-99CF-C80066FAFDB9}.CD_ROM|x86.ActiveCfg = Release|Any CPU
		{021290BE-C1FD-430D-99CF-C80066FAFDB9}.Debug|Any CPU.ActiveCfg = Debug|Any CPU
		{021290BE-C1FD-430D-99CF-C80066FAFDB9}.Debug|Any CPU.Build.0 = Debug|Any CPU
		{021290BE-C1FD-430D-99CF-C80066FAFDB9}.Debug|Mixed Platforms.ActiveCfg = Debug|Any CPU
		{021290BE-C1FD-430D-99CF-C80066FAFDB9}.Debug|Mixed Platforms.Build.0 = Debug|Any CPU
		{021290BE-C1FD-430D-99CF-C80066FAFDB9}.Debug|x64.ActiveCfg = Debug|Any CPU
		{021290BE-C1FD-430D-99CF-C80066FAFDB9}.Debug|x86.ActiveCfg = Debug|Any CPU
		{021290BE-C1FD-430D-99CF-C80066FAFDB9}.DVD-5|Any CPU.ActiveCfg = Debug|Any CPU
		{021290BE-C1FD-430D-99CF-C80066FAFDB9}.DVD-5|Any CPU.Build.0 = Debug|Any CPU
		{021290BE-C1FD-430D-99CF-C80066FAFDB9}.DVD-5|Mixed Platforms.ActiveCfg = Debug|Any CPU
		{021290BE-C1FD-430D-99CF-C80066FAFDB9}.DVD-5|Mixed Platforms.Build.0 = Debug|Any CPU
		{021290BE-C1FD-430D-99CF-C80066FAFDB9}.DVD-5|x64.ActiveCfg = Debug|Any CPU
		{021290BE-C1FD-430D-99CF-C80066FAFDB9}.DVD-5|x86.ActiveCfg = Debug|Any CPU
		{021290BE-C1FD-430D-99CF-C80066FAFDB9}.Release|Any CPU.ActiveCfg = Release|Any CPU
		{021290BE-C1FD-430D-99CF-C80066FAFDB9}.Release|Any CPU.Build.0 = Release|Any CPU
		{021290BE-C1FD-430D-99CF-C80066FAFDB9}.Release|Mixed Platforms.ActiveCfg = Release|Any CPU
		{021290BE-C1FD-430D-99CF-C80066FAFDB9}.Release|Mixed Platforms.Build.0 = Release|Any CPU
		{021290BE-C1FD-430D-99CF-C80066FAFDB9}.Release|x64.ActiveCfg = Release|Any CPU
		{021290BE-C1FD-430D-99CF-C80066FAFDB9}.Release|x86.ActiveCfg = Release|Any CPU
		{021290BE-C1FD-430D-99CF-C80066FAFDB9}.SingleImage|Any CPU.ActiveCfg = Release|Any CPU
		{021290BE-C1FD-430D-99CF-C80066FAFDB9}.SingleImage|Any CPU.Build.0 = Release|Any CPU
		{021290BE-C1FD-430D-99CF-C80066FAFDB9}.SingleImage|Mixed Platforms.ActiveCfg = Release|Any CPU
		{021290BE-C1FD-430D-99CF-C80066FAFDB9}.SingleImage|Mixed Platforms.Build.0 = Release|Any CPU
		{021290BE-C1FD-430D-99CF-C80066FAFDB9}.SingleImage|x64.ActiveCfg = Release|Any CPU
		{021290BE-C1FD-430D-99CF-C80066FAFDB9}.SingleImage|x86.ActiveCfg = Release|Any CPU
		{F2EAC231-CCB1-4F5F-9C17-EA10E7EA6A21}.CD_ROM|Any CPU.ActiveCfg = Release|Any CPU
		{F2EAC231-CCB1-4F5F-9C17-EA10E7EA6A21}.CD_ROM|Any CPU.Build.0 = Release|Any CPU
		{F2EAC231-CCB1-4F5F-9C17-EA10E7EA6A21}.CD_ROM|Mixed Platforms.ActiveCfg = Release|Any CPU
		{F2EAC231-CCB1-4F5F-9C17-EA10E7EA6A21}.CD_ROM|Mixed Platforms.Build.0 = Release|Any CPU
		{F2EAC231-CCB1-4F5F-9C17-EA10E7EA6A21}.CD_ROM|x64.ActiveCfg = Release|Any CPU
		{F2EAC231-CCB1-4F5F-9C17-EA10E7EA6A21}.CD_ROM|x86.ActiveCfg = Release|Any CPU
		{F2EAC231-CCB1-4F5F-9C17-EA10E7EA6A21}.Debug|Any CPU.ActiveCfg = Debug|Any CPU
		{F2EAC231-CCB1-4F5F-9C17-EA10E7EA6A21}.Debug|Any CPU.Build.0 = Debug|Any CPU
		{F2EAC231-CCB1-4F5F-9C17-EA10E7EA6A21}.Debug|Mixed Platforms.ActiveCfg = Debug|Any CPU
		{F2EAC231-CCB1-4F5F-9C17-EA10E7EA6A21}.Debug|Mixed Platforms.Build.0 = Debug|Any CPU
		{F2EAC231-CCB1-4F5F-9C17-EA10E7EA6A21}.Debug|x64.ActiveCfg = Debug|Any CPU
		{F2EAC231-CCB1-4F5F-9C17-EA10E7EA6A21}.Debug|x86.ActiveCfg = Debug|Any CPU
		{F2EAC231-CCB1-4F5F-9C17-EA10E7EA6A21}.DVD-5|Any CPU.ActiveCfg = Debug|Any CPU
		{F2EAC231-CCB1-4F5F-9C17-EA10E7EA6A21}.DVD-5|Any CPU.Build.0 = Debug|Any CPU
		{F2EAC231-CCB1-4F5F-9C17-EA10E7EA6A21}.DVD-5|Mixed Platforms.ActiveCfg = Debug|Any CPU
		{F2EAC231-CCB1-4F5F-9C17-EA10E7EA6A21}.DVD-5|Mixed Platforms.Build.0 = Debug|Any CPU
		{F2EAC231-CCB1-4F5F-9C17-EA10E7EA6A21}.DVD-5|x64.ActiveCfg = Debug|Any CPU
		{F2EAC231-CCB1-4F5F-9C17-EA10E7EA6A21}.DVD-5|x86.ActiveCfg = Debug|Any CPU
		{F2EAC231-CCB1-4F5F-9C17-EA10E7EA6A21}.Release|Any CPU.ActiveCfg = Release|Any CPU
		{F2EAC231-CCB1-4F5F-9C17-EA10E7EA6A21}.Release|Any CPU.Build.0 = Release|Any CPU
		{F2EAC231-CCB1-4F5F-9C17-EA10E7EA6A21}.Release|Mixed Platforms.ActiveCfg = Release|Any CPU
		{F2EAC231-CCB1-4F5F-9C17-EA10E7EA6A21}.Release|Mixed Platforms.Build.0 = Release|Any CPU
		{F2EAC231-CCB1-4F5F-9C17-EA10E7EA6A21}.Release|x64.ActiveCfg = Release|Any CPU
		{F2EAC231-CCB1-4F5F-9C17-EA10E7EA6A21}.Release|x86.ActiveCfg = Release|Any CPU
		{F2EAC231-CCB1-4F5F-9C17-EA10E7EA6A21}.SingleImage|Any CPU.ActiveCfg = Release|Any CPU
		{F2EAC231-CCB1-4F5F-9C17-EA10E7EA6A21}.SingleImage|Any CPU.Build.0 = Release|Any CPU
		{F2EAC231-CCB1-4F5F-9C17-EA10E7EA6A21}.SingleImage|Mixed Platforms.ActiveCfg = Release|Any CPU
		{F2EAC231-CCB1-4F5F-9C17-EA10E7EA6A21}.SingleImage|Mixed Platforms.Build.0 = Release|Any CPU
		{F2EAC231-CCB1-4F5F-9C17-EA10E7EA6A21}.SingleImage|x64.ActiveCfg = Release|Any CPU
		{F2EAC231-CCB1-4F5F-9C17-EA10E7EA6A21}.SingleImage|x86.ActiveCfg = Release|Any CPU
		{A08F1699-AC61-4CD8-A3F6-9732DD6F83EC}.CD_ROM|Any CPU.ActiveCfg = Release|Any CPU
		{A08F1699-AC61-4CD8-A3F6-9732DD6F83EC}.CD_ROM|Any CPU.Build.0 = Release|Any CPU
		{A08F1699-AC61-4CD8-A3F6-9732DD6F83EC}.CD_ROM|Mixed Platforms.ActiveCfg = Release|Any CPU
		{A08F1699-AC61-4CD8-A3F6-9732DD6F83EC}.CD_ROM|Mixed Platforms.Build.0 = Release|Any CPU
		{A08F1699-AC61-4CD8-A3F6-9732DD6F83EC}.CD_ROM|x64.ActiveCfg = Release|Any CPU
		{A08F1699-AC61-4CD8-A3F6-9732DD6F83EC}.CD_ROM|x86.ActiveCfg = Release|Any CPU
		{A08F1699-AC61-4CD8-A3F6-9732DD6F83EC}.Debug|Any CPU.ActiveCfg = Debug|Any CPU
		{A08F1699-AC61-4CD8-A3F6-9732DD6F83EC}.Debug|Any CPU.Build.0 = Debug|Any CPU
		{A08F1699-AC61-4CD8-A3F6-9732DD6F83EC}.Debug|Mixed Platforms.ActiveCfg = Debug|Any CPU
		{A08F1699-AC61-4CD8-A3F6-9732DD6F83EC}.Debug|Mixed Platforms.Build.0 = Debug|Any CPU
		{A08F1699-AC61-4CD8-A3F6-9732DD6F83EC}.Debug|x64.ActiveCfg = Debug|Any CPU
		{A08F1699-AC61-4CD8-A3F6-9732DD6F83EC}.Debug|x86.ActiveCfg = Debug|Any CPU
		{A08F1699-AC61-4CD8-A3F6-9732DD6F83EC}.DVD-5|Any CPU.ActiveCfg = Debug|Any CPU
		{A08F1699-AC61-4CD8-A3F6-9732DD6F83EC}.DVD-5|Any CPU.Build.0 = Debug|Any CPU
		{A08F1699-AC61-4CD8-A3F6-9732DD6F83EC}.DVD-5|Mixed Platforms.ActiveCfg = Debug|Any CPU
		{A08F1699-AC61-4CD8-A3F6-9732DD6F83EC}.DVD-5|Mixed Platforms.Build.0 = Debug|Any CPU
		{A08F1699-AC61-4CD8-A3F6-9732DD6F83EC}.DVD-5|x64.ActiveCfg = Debug|Any CPU
		{A08F1699-AC61-4CD8-A3F6-9732DD6F83EC}.DVD-5|x86.ActiveCfg = Debug|Any CPU
		{A08F1699-AC61-4CD8-A3F6-9732DD6F83EC}.Release|Any CPU.ActiveCfg = Release|Any CPU
		{A08F1699-AC61-4CD8-A3F6-9732DD6F83EC}.Release|Any CPU.Build.0 = Release|Any CPU
		{A08F1699-AC61-4CD8-A3F6-9732DD6F83EC}.Release|Mixed Platforms.ActiveCfg = Release|Any CPU
		{A08F1699-AC61-4CD8-A3F6-9732DD6F83EC}.Release|Mixed Platforms.Build.0 = Release|Any CPU
		{A08F1699-AC61-4CD8-A3F6-9732DD6F83EC}.Release|x64.ActiveCfg = Release|Any CPU
		{A08F1699-AC61-4CD8-A3F6-9732DD6F83EC}.Release|x86.ActiveCfg = Release|Any CPU
		{A08F1699-AC61-4CD8-A3F6-9732DD6F83EC}.SingleImage|Any CPU.ActiveCfg = Release|Any CPU
		{A08F1699-AC61-4CD8-A3F6-9732DD6F83EC}.SingleImage|Any CPU.Build.0 = Release|Any CPU
		{A08F1699-AC61-4CD8-A3F6-9732DD6F83EC}.SingleImage|Mixed Platforms.ActiveCfg = Release|Any CPU
		{A08F1699-AC61-4CD8-A3F6-9732DD6F83EC}.SingleImage|Mixed Platforms.Build.0 = Release|Any CPU
		{A08F1699-AC61-4CD8-A3F6-9732DD6F83EC}.SingleImage|x64.ActiveCfg = Release|Any CPU
		{A08F1699-AC61-4CD8-A3F6-9732DD6F83EC}.SingleImage|x86.ActiveCfg = Release|Any CPU
	EndGlobalSection
	GlobalSection(SolutionProperties) = preSolution
		HideSolutionNode = FALSE
	EndGlobalSection
EndGlobal
