
Microsoft Visual Studio Solution File, Format Version 12.00
# Visual Studio 2013
VisualStudioVersion = 12.0.30723.0
MinimumVisualStudioVersion = 10.0.40219.1
Project("{FAE04EC0-301F-11D3-BF4B-00C04F79EFBC}") = "Routing", "Routing\Routing.csproj", "{61441747-24F4-4D8A-B855-BACF328298F3}"
EndProject
Project("{FAE04EC0-301F-11D3-BF4B-00C04F79EFBC}") = "IpHlpApi.net", "IpHlpApi.net\IpHlpApi.net.csproj", "{29BF8A5E-6326-4D76-AAF1-9362FA03EC45}"
EndProject
Project("{FAE04EC0-301F-11D3-BF4B-00C04F79EFBC}") = "XoKeyApi", "XoKeyApi\XoKeyApi.csproj", "{E69AADFB-5F5B-4259-ACFB-7EEB8677E4F6}"
EndProject
Project("{930C7802-8A8C-48F9-8165-68863BCCD9DD}") = "EK_HostApp_Setup", "EK_HostApp_Setup\EK_HostApp_Setup.wixproj", "{01B93A05-D068-4FC0-9039-FC7B4BC93B06}"
EndProject
Project("{930C7802-8A8C-48F9-8165-68863BCCD9DD}") = "EK_Installer", "EK_Installer\EK_Installer.wixproj", "{AB691316-6596-4B28-A649-CC0299E92622}"
EndProject
Project("{930C7802-8A8C-48F9-8165-68863BCCD9DD}") = "driver-install", "driver-install\driver-install.wixproj", "{D43A8351-400C-459A-A3DD-175F0149FBF7}"
EndProject
Project("{FAE04EC0-301F-11D3-BF4B-00C04F79EFBC}") = "ExoKeyHostApp", "ExoKeyHostApp_IPSec\ExoKeyHostApp_IPSec\ExoKeyHostApp.csproj", "{6CBA1945-28D2-4D15-87C2-8629C5DDB80F}"
EndProject
Project("{FAE04EC0-301F-11D3-BF4B-00C04F79EFBC}") = "CefSharp.BrowserSubprocess", "CefSharp.BrowserSubprocess\CefSharp.BrowserSubprocess.csproj", "{23EE5140-2C2C-4B53-A954-10B08DCA6BD6}"
EndProject
Project("{FAE04EC0-301F-11D3-BF4B-00C04F79EFBC}") = "CefSharp.MinimalExample.Wpf", "CefSharp.MinimalExample.Wpf\CefSharp.MinimalExample.Wpf.csproj", "{BE4C3AD0-8DA2-4246-8C63-EEEB7DC197BE}"
EndProject
Project("{FAE04EC0-301F-11D3-BF4B-00C04F79EFBC}") = "EK_App", "EK_App\EK_App.csproj", "{4828DAEC-EF99-4553-B674-4374F77C6D66}"
EndProject
Project("{FAE04EC0-301F-11D3-BF4B-00C04F79EFBC}") = "CefSharp.Example", "CefSharp.Example\CefSharp.Example.csproj", "{A4394E7B-1155-43A6-989E-8AB72DDDC9E4}"
EndProject
Global
	GlobalSection(SolutionConfigurationPlatforms) = preSolution
		CD_ROM|Any CPU = CD_ROM|Any CPU
		CD_ROM|Mixed Platforms = CD_ROM|Mixed Platforms
		CD_ROM|x64 = CD_ROM|x64
		CD_ROM|x86 = CD_ROM|x86
		Debug|Any CPU = Debug|Any CPU
		Debug|Mixed Platforms = Debug|Mixed Platforms
		Debug|x64 = Debug|x64
		Debug|x86 = Debug|x86
		DVD-5|Any CPU = DVD-5|Any CPU
		DVD-5|Mixed Platforms = DVD-5|Mixed Platforms
		DVD-5|x64 = DVD-5|x64
		DVD-5|x86 = DVD-5|x86
		Release|Any CPU = Release|Any CPU
		Release|Mixed Platforms = Release|Mixed Platforms
		Release|x64 = Release|x64
		Release|x86 = Release|x86
		SingleImage|Any CPU = SingleImage|Any CPU
		SingleImage|Mixed Platforms = SingleImage|Mixed Platforms
		SingleImage|x64 = SingleImage|x64
		SingleImage|x86 = SingleImage|x86
	EndGlobalSection
	GlobalSection(ProjectConfigurationPlatforms) = postSolution
		{61441747-24F4-4D8A-B855-BACF328298F3}.CD_ROM|Any CPU.ActiveCfg = Release|Any CPU
		{61441747-24F4-4D8A-B855-BACF328298F3}.CD_ROM|Any CPU.Build.0 = Release|Any CPU
		{61441747-24F4-4D8A-B855-BACF328298F3}.CD_ROM|Mixed Platforms.ActiveCfg = Release|Any CPU
		{61441747-24F4-4D8A-B855-BACF328298F3}.CD_ROM|Mixed Platforms.Build.0 = Release|Any CPU
		{61441747-24F4-4D8A-B855-BACF328298F3}.CD_ROM|x64.ActiveCfg = Debug|Any CPU
		{61441747-24F4-4D8A-B855-BACF328298F3}.CD_ROM|x86.ActiveCfg = Release|Any CPU
		{61441747-24F4-4D8A-B855-BACF328298F3}.Debug|Any CPU.ActiveCfg = Debug|Any CPU
		{61441747-24F4-4D8A-B855-BACF328298F3}.Debug|Any CPU.Build.0 = Debug|Any CPU
		{61441747-24F4-4D8A-B855-BACF328298F3}.Debug|Mixed Platforms.ActiveCfg = Debug|Any CPU
		{61441747-24F4-4D8A-B855-BACF328298F3}.Debug|Mixed Platforms.Build.0 = Debug|Any CPU
		{61441747-24F4-4D8A-B855-BACF328298F3}.Debug|x64.ActiveCfg = Debug|Any CPU
		{61441747-24F4-4D8A-B855-BACF328298F3}.Debug|x86.ActiveCfg = Debug|Any CPU
		{61441747-24F4-4D8A-B855-BACF328298F3}.DVD-5|Any CPU.ActiveCfg = Debug|Any CPU
		{61441747-24F4-4D8A-B855-BACF328298F3}.DVD-5|Any CPU.Build.0 = Debug|Any CPU
		{61441747-24F4-4D8A-B855-BACF328298F3}.DVD-5|Mixed Platforms.ActiveCfg = Debug|Any CPU
		{61441747-24F4-4D8A-B855-BACF328298F3}.DVD-5|Mixed Platforms.Build.0 = Debug|Any CPU
		{61441747-24F4-4D8A-B855-BACF328298F3}.DVD-5|x64.ActiveCfg = Debug|Any CPU
		{61441747-24F4-4D8A-B855-BACF328298F3}.DVD-5|x86.ActiveCfg = Debug|Any CPU
		{61441747-24F4-4D8A-B855-BACF328298F3}.Release|Any CPU.ActiveCfg = Release|Any CPU
		{61441747-24F4-4D8A-B855-BACF328298F3}.Release|Any CPU.Build.0 = Release|Any CPU
		{61441747-24F4-4D8A-B855-BACF328298F3}.Release|Mixed Platforms.ActiveCfg = Release|Any CPU
		{61441747-24F4-4D8A-B855-BACF328298F3}.Release|Mixed Platforms.Build.0 = Release|Any CPU
		{61441747-24F4-4D8A-B855-BACF328298F3}.Release|x64.ActiveCfg = Release|Any CPU
		{61441747-24F4-4D8A-B855-BACF328298F3}.Release|x86.ActiveCfg = Release|Any CPU
		{61441747-24F4-4D8A-B855-BACF328298F3}.SingleImage|Any CPU.ActiveCfg = Release|Any CPU
		{61441747-24F4-4D8A-B855-BACF328298F3}.SingleImage|Any CPU.Build.0 = Release|Any CPU
		{61441747-24F4-4D8A-B855-BACF328298F3}.SingleImage|Mixed Platforms.ActiveCfg = Release|Any CPU
		{61441747-24F4-4D8A-B855-BACF328298F3}.SingleImage|Mixed Platforms.Build.0 = Release|Any CPU
		{61441747-24F4-4D8A-B855-BACF328298F3}.SingleImage|x64.ActiveCfg = Debug|Any CPU
		{61441747-24F4-4D8A-B855-BACF328298F3}.SingleImage|x86.ActiveCfg = Release|Any CPU
		{29BF8A5E-6326-4D76-AAF1-9362FA03EC45}.CD_ROM|Any CPU.ActiveCfg = Release|Any CPU
		{29BF8A5E-6326-4D76-AAF1-9362FA03EC45}.CD_ROM|Any CPU.Build.0 = Release|Any CPU
		{29BF8A5E-6326-4D76-AAF1-9362FA03EC45}.CD_ROM|Mixed Platforms.ActiveCfg = Release|Any CPU
		{29BF8A5E-6326-4D76-AAF1-9362FA03EC45}.CD_ROM|Mixed Platforms.Build.0 = Release|Any CPU
		{29BF8A5E-6326-4D76-AAF1-9362FA03EC45}.CD_ROM|x64.ActiveCfg = Debug|Any CPU
		{29BF8A5E-6326-4D76-AAF1-9362FA03EC45}.CD_ROM|x86.ActiveCfg = Release|Any CPU
		{29BF8A5E-6326-4D76-AAF1-9362FA03EC45}.Debug|Any CPU.ActiveCfg = Debug|Any CPU
		{29BF8A5E-6326-4D76-AAF1-9362FA03EC45}.Debug|Any CPU.Build.0 = Debug|Any CPU
		{29BF8A5E-6326-4D76-AAF1-9362FA03EC45}.Debug|Mixed Platforms.ActiveCfg = Debug|Any CPU
		{29BF8A5E-6326-4D76-AAF1-9362FA03EC45}.Debug|Mixed Platforms.Build.0 = Debug|Any CPU
		{29BF8A5E-6326-4D76-AAF1-9362FA03EC45}.Debug|x64.ActiveCfg = Debug|Any CPU
		{29BF8A5E-6326-4D76-AAF1-9362FA03EC45}.Debug|x86.ActiveCfg = Debug|Any CPU
		{29BF8A5E-6326-4D76-AAF1-9362FA03EC45}.DVD-5|Any CPU.ActiveCfg = Debug|Any CPU
		{29BF8A5E-6326-4D76-AAF1-9362FA03EC45}.DVD-5|Any CPU.Build.0 = Debug|Any CPU
		{29BF8A5E-6326-4D76-AAF1-9362FA03EC45}.DVD-5|Mixed Platforms.ActiveCfg = Debug|Any CPU
		{29BF8A5E-6326-4D76-AAF1-9362FA03EC45}.DVD-5|Mixed Platforms.Build.0 = Debug|Any CPU
		{29BF8A5E-6326-4D76-AAF1-9362FA03EC45}.DVD-5|x64.ActiveCfg = Debug|Any CPU
		{29BF8A5E-6326-4D76-AAF1-9362FA03EC45}.DVD-5|x86.ActiveCfg = Debug|Any CPU
		{29BF8A5E-6326-4D76-AAF1-9362FA03EC45}.Release|Any CPU.ActiveCfg = Release|Any CPU
		{29BF8A5E-6326-4D76-AAF1-9362FA03EC45}.Release|Any CPU.Build.0 = Release|Any CPU
		{29BF8A5E-6326-4D76-AAF1-9362FA03EC45}.Release|Mixed Platforms.ActiveCfg = Release|Any CPU
		{29BF8A5E-6326-4D76-AAF1-9362FA03EC45}.Release|Mixed Platforms.Build.0 = Release|Any CPU
		{29BF8A5E-6326-4D76-AAF1-9362FA03EC45}.Release|x64.ActiveCfg = Release|Any CPU
		{29BF8A5E-6326-4D76-AAF1-9362FA03EC45}.Release|x86.ActiveCfg = Release|Any CPU
		{29BF8A5E-6326-4D76-AAF1-9362FA03EC45}.SingleImage|Any CPU.ActiveCfg = Release|Any CPU
		{29BF8A5E-6326-4D76-AAF1-9362FA03EC45}.SingleImage|Any CPU.Build.0 = Release|Any CPU
		{29BF8A5E-6326-4D76-AAF1-9362FA03EC45}.SingleImage|Mixed Platforms.ActiveCfg = Release|Any CPU
		{29BF8A5E-6326-4D76-AAF1-9362FA03EC45}.SingleImage|Mixed Platforms.Build.0 = Release|Any CPU
		{29BF8A5E-6326-4D76-AAF1-9362FA03EC45}.SingleImage|x64.ActiveCfg = Debug|Any CPU
		{29BF8A5E-6326-4D76-AAF1-9362FA03EC45}.SingleImage|x86.ActiveCfg = Release|Any CPU
		{E69AADFB-5F5B-4259-ACFB-7EEB8677E4F6}.CD_ROM|Any CPU.ActiveCfg = Release|Any CPU
		{E69AADFB-5F5B-4259-ACFB-7EEB8677E4F6}.CD_ROM|Any CPU.Build.0 = Release|Any CPU
		{E69AADFB-5F5B-4259-ACFB-7EEB8677E4F6}.CD_ROM|Mixed Platforms.ActiveCfg = Release|Any CPU
		{E69AADFB-5F5B-4259-ACFB-7EEB8677E4F6}.CD_ROM|Mixed Platforms.Build.0 = Release|Any CPU
		{E69AADFB-5F5B-4259-ACFB-7EEB8677E4F6}.CD_ROM|x64.ActiveCfg = Debug|Any CPU
		{E69AADFB-5F5B-4259-ACFB-7EEB8677E4F6}.CD_ROM|x86.ActiveCfg = Release|Any CPU
		{E69AADFB-5F5B-4259-ACFB-7EEB8677E4F6}.Debug|Any CPU.ActiveCfg = Debug|Any CPU
		{E69AADFB-5F5B-4259-ACFB-7EEB8677E4F6}.Debug|Any CPU.Build.0 = Debug|Any CPU
		{E69AADFB-5F5B-4259-ACFB-7EEB8677E4F6}.Debug|Mixed Platforms.ActiveCfg = Debug|Any CPU
		{E69AADFB-5F5B-4259-ACFB-7EEB8677E4F6}.Debug|Mixed Platforms.Build.0 = Debug|Any CPU
		{E69AADFB-5F5B-4259-ACFB-7EEB8677E4F6}.Debug|x64.ActiveCfg = Debug|Any CPU
		{E69AADFB-5F5B-4259-ACFB-7EEB8677E4F6}.Debug|x86.ActiveCfg = Debug|Any CPU
		{E69AADFB-5F5B-4259-ACFB-7EEB8677E4F6}.DVD-5|Any CPU.ActiveCfg = Debug|Any CPU
		{E69AADFB-5F5B-4259-ACFB-7EEB8677E4F6}.DVD-5|Any CPU.Build.0 = Debug|Any CPU
		{E69AADFB-5F5B-4259-ACFB-7EEB8677E4F6}.DVD-5|Mixed Platforms.ActiveCfg = Debug|Any CPU
		{E69AADFB-5F5B-4259-ACFB-7EEB8677E4F6}.DVD-5|Mixed Platforms.Build.0 = Debug|Any CPU
		{E69AADFB-5F5B-4259-ACFB-7EEB8677E4F6}.DVD-5|x64.ActiveCfg = Debug|Any CPU
		{E69AADFB-5F5B-4259-ACFB-7EEB8677E4F6}.DVD-5|x86.ActiveCfg = Debug|Any CPU
		{E69AADFB-5F5B-4259-ACFB-7EEB8677E4F6}.Release|Any CPU.ActiveCfg = Release|Any CPU
		{E69AADFB-5F5B-4259-ACFB-7EEB8677E4F6}.Release|Any CPU.Build.0 = Release|Any CPU
		{E69AADFB-5F5B-4259-ACFB-7EEB8677E4F6}.Release|Mixed Platforms.ActiveCfg = Release|Any CPU
		{E69AADFB-5F5B-4259-ACFB-7EEB8677E4F6}.Release|Mixed Platforms.Build.0 = Release|Any CPU
		{E69AADFB-5F5B-4259-ACFB-7EEB8677E4F6}.Release|x64.ActiveCfg = Release|Any CPU
		{E69AADFB-5F5B-4259-ACFB-7EEB8677E4F6}.Release|x86.ActiveCfg = Release|Any CPU
		{E69AADFB-5F5B-4259-ACFB-7EEB8677E4F6}.SingleImage|Any CPU.ActiveCfg = Release|Any CPU
		{E69AADFB-5F5B-4259-ACFB-7EEB8677E4F6}.SingleImage|Any CPU.Build.0 = Release|Any CPU
		{E69AADFB-5F5B-4259-ACFB-7EEB8677E4F6}.SingleImage|Mixed Platforms.ActiveCfg = Release|Any CPU
		{E69AADFB-5F5B-4259-ACFB-7EEB8677E4F6}.SingleImage|Mixed Platforms.Build.0 = Release|Any CPU
		{E69AADFB-5F5B-4259-ACFB-7EEB8677E4F6}.SingleImage|x64.ActiveCfg = Debug|Any CPU
		{E69AADFB-5F5B-4259-ACFB-7EEB8677E4F6}.SingleImage|x86.ActiveCfg = Release|Any CPU
		{01B93A05-D068-4FC0-9039-FC7B4BC93B06}.CD_ROM|Any CPU.ActiveCfg = Release|x86
		{01B93A05-D068-4FC0-9039-FC7B4BC93B06}.CD_ROM|Mixed Platforms.ActiveCfg = Release|x86
		{01B93A05-D068-4FC0-9039-FC7B4BC93B06}.CD_ROM|Mixed Platforms.Build.0 = Release|x86
		{01B93A05-D068-4FC0-9039-FC7B4BC93B06}.CD_ROM|x64.ActiveCfg = Debug|x86
		{01B93A05-D068-4FC0-9039-FC7B4BC93B06}.CD_ROM|x86.ActiveCfg = Release|x86
		{01B93A05-D068-4FC0-9039-FC7B4BC93B06}.CD_ROM|x86.Build.0 = Release|x86
		{01B93A05-D068-4FC0-9039-FC7B4BC93B06}.Debug|Any CPU.ActiveCfg = Debug|x86
		{01B93A05-D068-4FC0-9039-FC7B4BC93B06}.Debug|Mixed Platforms.ActiveCfg = Debug|x86
		{01B93A05-D068-4FC0-9039-FC7B4BC93B06}.Debug|Mixed Platforms.Build.0 = Debug|x86
		{01B93A05-D068-4FC0-9039-FC7B4BC93B06}.Debug|x64.ActiveCfg = Debug|x86
		{01B93A05-D068-4FC0-9039-FC7B4BC93B06}.Debug|x86.ActiveCfg = Debug|x86
		{01B93A05-D068-4FC0-9039-FC7B4BC93B06}.Debug|x86.Build.0 = Debug|x86
		{01B93A05-D068-4FC0-9039-FC7B4BC93B06}.DVD-5|Any CPU.ActiveCfg = Debug|x86
		{01B93A05-D068-4FC0-9039-FC7B4BC93B06}.DVD-5|Mixed Platforms.ActiveCfg = Debug|x86
		{01B93A05-D068-4FC0-9039-FC7B4BC93B06}.DVD-5|Mixed Platforms.Build.0 = Debug|x86
		{01B93A05-D068-4FC0-9039-FC7B4BC93B06}.DVD-5|x64.ActiveCfg = Debug|x86
		{01B93A05-D068-4FC0-9039-FC7B4BC93B06}.DVD-5|x86.ActiveCfg = Debug|x86
		{01B93A05-D068-4FC0-9039-FC7B4BC93B06}.DVD-5|x86.Build.0 = Debug|x86
		{01B93A05-D068-4FC0-9039-FC7B4BC93B06}.Release|Any CPU.ActiveCfg = Release|x86
		{01B93A05-D068-4FC0-9039-FC7B4BC93B06}.Release|Mixed Platforms.ActiveCfg = Release|x86
		{01B93A05-D068-4FC0-9039-FC7B4BC93B06}.Release|Mixed Platforms.Build.0 = Release|x86
		{01B93A05-D068-4FC0-9039-FC7B4BC93B06}.Release|x64.ActiveCfg = Release|x86
		{01B93A05-D068-4FC0-9039-FC7B4BC93B06}.Release|x86.ActiveCfg = Release|x86
		{01B93A05-D068-4FC0-9039-FC7B4BC93B06}.Release|x86.Build.0 = Release|x86
		{01B93A05-D068-4FC0-9039-FC7B4BC93B06}.SingleImage|Any CPU.ActiveCfg = Release|x86
		{01B93A05-D068-4FC0-9039-FC7B4BC93B06}.SingleImage|Mixed Platforms.ActiveCfg = Release|x86
		{01B93A05-D068-4FC0-9039-FC7B4BC93B06}.SingleImage|Mixed Platforms.Build.0 = Release|x86
		{01B93A05-D068-4FC0-9039-FC7B4BC93B06}.SingleImage|x64.ActiveCfg = Debug|x86
		{01B93A05-D068-4FC0-9039-FC7B4BC93B06}.SingleImage|x86.ActiveCfg = Release|x86
		{01B93A05-D068-4FC0-9039-FC7B4BC93B06}.SingleImage|x86.Build.0 = Release|x86
		{AB691316-6596-4B28-A649-CC0299E92622}.CD_ROM|Any CPU.ActiveCfg = Release|x86
		{AB691316-6596-4B28-A649-CC0299E92622}.CD_ROM|Mixed Platforms.ActiveCfg = Release|x86
		{AB691316-6596-4B28-A649-CC0299E92622}.CD_ROM|Mixed Platforms.Build.0 = Release|x86
		{AB691316-6596-4B28-A649-CC0299E92622}.CD_ROM|x64.ActiveCfg = Debug|x86
		{AB691316-6596-4B28-A649-CC0299E92622}.CD_ROM|x86.ActiveCfg = Release|x86
		{AB691316-6596-4B28-A649-CC0299E92622}.CD_ROM|x86.Build.0 = Release|x86
		{AB691316-6596-4B28-A649-CC0299E92622}.Debug|Any CPU.ActiveCfg = Debug|x86
		{AB691316-6596-4B28-A649-CC0299E92622}.Debug|Mixed Platforms.ActiveCfg = Debug|x86
		{AB691316-6596-4B28-A649-CC0299E92622}.Debug|Mixed Platforms.Build.0 = Debug|x86
		{AB691316-6596-4B28-A649-CC0299E92622}.Debug|x64.ActiveCfg = Debug|x86
		{AB691316-6596-4B28-A649-CC0299E92622}.Debug|x86.ActiveCfg = Debug|x86
		{AB691316-6596-4B28-A649-CC0299E92622}.Debug|x86.Build.0 = Debug|x86
		{AB691316-6596-4B28-A649-CC0299E92622}.DVD-5|Any CPU.ActiveCfg = Debug|x86
		{AB691316-6596-4B28-A649-CC0299E92622}.DVD-5|Mixed Platforms.ActiveCfg = Debug|x86
		{AB691316-6596-4B28-A649-CC0299E92622}.DVD-5|Mixed Platforms.Build.0 = Debug|x86
		{AB691316-6596-4B28-A649-CC0299E92622}.DVD-5|x64.ActiveCfg = Debug|x86
		{AB691316-6596-4B28-A649-CC0299E92622}.DVD-5|x86.ActiveCfg = Debug|x86
		{AB691316-6596-4B28-A649-CC0299E92622}.DVD-5|x86.Build.0 = Debug|x86
		{AB691316-6596-4B28-A649-CC0299E92622}.Release|Any CPU.ActiveCfg = Release|x86
		{AB691316-6596-4B28-A649-CC0299E92622}.Release|Mixed Platforms.ActiveCfg = Release|x86
		{AB691316-6596-4B28-A649-CC0299E92622}.Release|Mixed Platforms.Build.0 = Release|x86
		{AB691316-6596-4B28-A649-CC0299E92622}.Release|x64.ActiveCfg = Release|x86
		{AB691316-6596-4B28-A649-CC0299E92622}.Release|x86.ActiveCfg = Release|x86
		{AB691316-6596-4B28-A649-CC0299E92622}.Release|x86.Build.0 = Release|x86
		{AB691316-6596-4B28-A649-CC0299E92622}.SingleImage|Any CPU.ActiveCfg = Release|x86
		{AB691316-6596-4B28-A649-CC0299E92622}.SingleImage|Mixed Platforms.ActiveCfg = Release|x86
		{AB691316-6596-4B28-A649-CC0299E92622}.SingleImage|Mixed Platforms.Build.0 = Release|x86
		{AB691316-6596-4B28-A649-CC0299E92622}.SingleImage|x64.ActiveCfg = Debug|x86
		{AB691316-6596-4B28-A649-CC0299E92622}.SingleImage|x86.ActiveCfg = Release|x86
		{AB691316-6596-4B28-A649-CC0299E92622}.SingleImage|x86.Build.0 = Release|x86
		{D43A8351-400C-459A-A3DD-175F0149FBF7}.CD_ROM|Any CPU.ActiveCfg = Release|x86
		{D43A8351-400C-459A-A3DD-175F0149FBF7}.CD_ROM|Mixed Platforms.ActiveCfg = Release|x86
		{D43A8351-400C-459A-A3DD-175F0149FBF7}.CD_ROM|Mixed Platforms.Build.0 = Release|x86
		{D43A8351-400C-459A-A3DD-175F0149FBF7}.CD_ROM|x64.ActiveCfg = Debug|x86
		{D43A8351-400C-459A-A3DD-175F0149FBF7}.CD_ROM|x86.ActiveCfg = Release|x86
		{D43A8351-400C-459A-A3DD-175F0149FBF7}.CD_ROM|x86.Build.0 = Release|x86
		{D43A8351-400C-459A-A3DD-175F0149FBF7}.Debug|Any CPU.ActiveCfg = Debug|x86
		{D43A8351-400C-459A-A3DD-175F0149FBF7}.Debug|Mixed Platforms.ActiveCfg = Debug|x86
		{D43A8351-400C-459A-A3DD-175F0149FBF7}.Debug|Mixed Platforms.Build.0 = Debug|x86
		{D43A8351-400C-459A-A3DD-175F0149FBF7}.Debug|x64.ActiveCfg = Debug|x86
		{D43A8351-400C-459A-A3DD-175F0149FBF7}.Debug|x86.ActiveCfg = Debug|x86
		{D43A8351-400C-459A-A3DD-175F0149FBF7}.Debug|x86.Build.0 = Debug|x86
		{D43A8351-400C-459A-A3DD-175F0149FBF7}.DVD-5|Any CPU.ActiveCfg = Debug|x86
		{D43A8351-400C-459A-A3DD-175F0149FBF7}.DVD-5|Mixed Platforms.ActiveCfg = Debug|x86
		{D43A8351-400C-459A-A3DD-175F0149FBF7}.DVD-5|Mixed Platforms.Build.0 = Debug|x86
		{D43A8351-400C-459A-A3DD-175F0149FBF7}.DVD-5|x64.ActiveCfg = Debug|x86
		{D43A8351-400C-459A-A3DD-175F0149FBF7}.DVD-5|x86.ActiveCfg = Debug|x86
		{D43A8351-400C-459A-A3DD-175F0149FBF7}.DVD-5|x86.Build.0 = Debug|x86
		{D43A8351-400C-459A-A3DD-175F0149FBF7}.Release|Any CPU.ActiveCfg = Release|x86
		{D43A8351-400C-459A-A3DD-175F0149FBF7}.Release|Mixed Platforms.ActiveCfg = Release|x86
		{D43A8351-400C-459A-A3DD-175F0149FBF7}.Release|Mixed Platforms.Build.0 = Release|x86
		{D43A8351-400C-459A-A3DD-175F0149FBF7}.Release|x64.ActiveCfg = Release|x86
		{D43A8351-400C-459A-A3DD-175F0149FBF7}.Release|x86.ActiveCfg = Release|x86
		{D43A8351-400C-459A-A3DD-175F0149FBF7}.Release|x86.Build.0 = Release|x86
		{D43A8351-400C-459A-A3DD-175F0149FBF7}.SingleImage|Any CPU.ActiveCfg = Release|x86
		{D43A8351-400C-459A-A3DD-175F0149FBF7}.SingleImage|Mixed Platforms.ActiveCfg = Release|x86
		{D43A8351-400C-459A-A3DD-175F0149FBF7}.SingleImage|Mixed Platforms.Build.0 = Release|x86
		{D43A8351-400C-459A-A3DD-175F0149FBF7}.SingleImage|x64.ActiveCfg = Debug|x86
		{D43A8351-400C-459A-A3DD-175F0149FBF7}.SingleImage|x86.ActiveCfg = Release|x86
		{D43A8351-400C-459A-A3DD-175F0149FBF7}.SingleImage|x86.Build.0 = Release|x86
		{6CBA1945-28D2-4D15-87C2-8629C5DDB80F}.CD_ROM|Any CPU.ActiveCfg = Release|x86
		{6CBA1945-28D2-4D15-87C2-8629C5DDB80F}.CD_ROM|Mixed Platforms.ActiveCfg = Release|x86
		{6CBA1945-28D2-4D15-87C2-8629C5DDB80F}.CD_ROM|Mixed Platforms.Build.0 = Release|x86
		{6CBA1945-28D2-4D15-87C2-8629C5DDB80F}.CD_ROM|x64.ActiveCfg = Debug|x86
		{6CBA1945-28D2-4D15-87C2-8629C5DDB80F}.CD_ROM|x86.ActiveCfg = Release|x86
		{6CBA1945-28D2-4D15-87C2-8629C5DDB80F}.CD_ROM|x86.Build.0 = Release|x86
		{6CBA1945-28D2-4D15-87C2-8629C5DDB80F}.Debug|Any CPU.ActiveCfg = Debug|x86
		{6CBA1945-28D2-4D15-87C2-8629C5DDB80F}.Debug|Mixed Platforms.ActiveCfg = Debug|x86
		{6CBA1945-28D2-4D15-87C2-8629C5DDB80F}.Debug|Mixed Platforms.Build.0 = Debug|x86
		{6CBA1945-28D2-4D15-87C2-8629C5DDB80F}.Debug|x64.ActiveCfg = Debug|x86
		{6CBA1945-28D2-4D15-87C2-8629C5DDB80F}.Debug|x86.ActiveCfg = Debug|x86
		{6CBA1945-28D2-4D15-87C2-8629C5DDB80F}.Debug|x86.Build.0 = Debug|x86
		{6CBA1945-28D2-4D15-87C2-8629C5DDB80F}.DVD-5|Any CPU.ActiveCfg = Debug|x86
		{6CBA1945-28D2-4D15-87C2-8629C5DDB80F}.DVD-5|Mixed Platforms.ActiveCfg = Debug|x86
		{6CBA1945-28D2-4D15-87C2-8629C5DDB80F}.DVD-5|Mixed Platforms.Build.0 = Debug|x86
		{6CBA1945-28D2-4D15-87C2-8629C5DDB80F}.DVD-5|x64.ActiveCfg = Debug|x86
		{6CBA1945-28D2-4D15-87C2-8629C5DDB80F}.DVD-5|x86.ActiveCfg = Debug|x86
		{6CBA1945-28D2-4D15-87C2-8629C5DDB80F}.DVD-5|x86.Build.0 = Debug|x86
		{6CBA1945-28D2-4D15-87C2-8629C5DDB80F}.Release|Any CPU.ActiveCfg = Release|x86
		{6CBA1945-28D2-4D15-87C2-8629C5DDB80F}.Release|Mixed Platforms.ActiveCfg = Release|x86
		{6CBA1945-28D2-4D15-87C2-8629C5DDB80F}.Release|Mixed Platforms.Build.0 = Release|x86
		{6CBA1945-28D2-4D15-87C2-8629C5DDB80F}.Release|x64.ActiveCfg = Release|x86
		{6CBA1945-28D2-4D15-87C2-8629C5DDB80F}.Release|x86.ActiveCfg = Release|x86
		{6CBA1945-28D2-4D15-87C2-8629C5DDB80F}.Release|x86.Build.0 = Release|x86
		{6CBA1945-28D2-4D15-87C2-8629C5DDB80F}.SingleImage|Any CPU.ActiveCfg = Release|x86
		{6CBA1945-28D2-4D15-87C2-8629C5DDB80F}.SingleImage|Mixed Platforms.ActiveCfg = Release|x86
		{6CBA1945-28D2-4D15-87C2-8629C5DDB80F}.SingleImage|Mixed Platforms.Build.0 = Release|x86
		{6CBA1945-28D2-4D15-87C2-8629C5DDB80F}.SingleImage|x64.ActiveCfg = Debug|x86
		{6CBA1945-28D2-4D15-87C2-8629C5DDB80F}.SingleImage|x86.ActiveCfg = Release|x86
		{6CBA1945-28D2-4D15-87C2-8629C5DDB80F}.SingleImage|x86.Build.0 = Release|x86
		{23EE5140-2C2C-4B53-A954-10B08DCA6BD6}.CD_ROM|Any CPU.ActiveCfg = Release|x86
		{23EE5140-2C2C-4B53-A954-10B08DCA6BD6}.CD_ROM|Mixed Platforms.ActiveCfg = Release|x86
		{23EE5140-2C2C-4B53-A954-10B08DCA6BD6}.CD_ROM|Mixed Platforms.Build.0 = Release|x86
		{23EE5140-2C2C-4B53-A954-10B08DCA6BD6}.CD_ROM|x64.ActiveCfg = Release|x64
		{23EE5140-2C2C-4B53-A954-10B08DCA6BD6}.CD_ROM|x64.Build.0 = Release|x64
		{23EE5140-2C2C-4B53-A954-10B08DCA6BD6}.CD_ROM|x86.ActiveCfg = Release|x86
		{23EE5140-2C2C-4B53-A954-10B08DCA6BD6}.CD_ROM|x86.Build.0 = Release|x86
		{23EE5140-2C2C-4B53-A954-10B08DCA6BD6}.Debug|Any CPU.ActiveCfg = Debug|x86
		{23EE5140-2C2C-4B53-A954-10B08DCA6BD6}.Debug|Mixed Platforms.ActiveCfg = Debug|x86
		{23EE5140-2C2C-4B53-A954-10B08DCA6BD6}.Debug|Mixed Platforms.Build.0 = Debug|x86
		{23EE5140-2C2C-4B53-A954-10B08DCA6BD6}.Debug|x64.ActiveCfg = Debug|x64
		{23EE5140-2C2C-4B53-A954-10B08DCA6BD6}.Debug|x64.Build.0 = Debug|x64
		{23EE5140-2C2C-4B53-A954-10B08DCA6BD6}.Debug|x86.ActiveCfg = Debug|x86
		{23EE5140-2C2C-4B53-A954-10B08DCA6BD6}.Debug|x86.Build.0 = Debug|x86
		{23EE5140-2C2C-4B53-A954-10B08DCA6BD6}.DVD-5|Any CPU.ActiveCfg = Debug|x86
		{23EE5140-2C2C-4B53-A954-10B08DCA6BD6}.DVD-5|Mixed Platforms.ActiveCfg = Debug|x86
		{23EE5140-2C2C-4B53-A954-10B08DCA6BD6}.DVD-5|Mixed Platforms.Build.0 = Debug|x86
		{23EE5140-2C2C-4B53-A954-10B08DCA6BD6}.DVD-5|x64.ActiveCfg = Debug|x64
		{23EE5140-2C2C-4B53-A954-10B08DCA6BD6}.DVD-5|x64.Build.0 = Debug|x64
		{23EE5140-2C2C-4B53-A954-10B08DCA6BD6}.DVD-5|x86.ActiveCfg = Debug|x86
		{23EE5140-2C2C-4B53-A954-10B08DCA6BD6}.DVD-5|x86.Build.0 = Debug|x86
		{23EE5140-2C2C-4B53-A954-10B08DCA6BD6}.Release|Any CPU.ActiveCfg = Release|x86
		{23EE5140-2C2C-4B53-A954-10B08DCA6BD6}.Release|Mixed Platforms.ActiveCfg = Release|x86
		{23EE5140-2C2C-4B53-A954-10B08DCA6BD6}.Release|Mixed Platforms.Build.0 = Release|x86
		{23EE5140-2C2C-4B53-A954-10B08DCA6BD6}.Release|x64.ActiveCfg = Release|x64
		{23EE5140-2C2C-4B53-A954-10B08DCA6BD6}.Release|x64.Build.0 = Release|x64
		{23EE5140-2C2C-4B53-A954-10B08DCA6BD6}.Release|x86.ActiveCfg = Release|x86
		{23EE5140-2C2C-4B53-A954-10B08DCA6BD6}.Release|x86.Build.0 = Release|x86
		{23EE5140-2C2C-4B53-A954-10B08DCA6BD6}.SingleImage|Any CPU.ActiveCfg = Release|x86
		{23EE5140-2C2C-4B53-A954-10B08DCA6BD6}.SingleImage|Mixed Platforms.ActiveCfg = Release|x86
		{23EE5140-2C2C-4B53-A954-10B08DCA6BD6}.SingleImage|Mixed Platforms.Build.0 = Release|x86
		{23EE5140-2C2C-4B53-A954-10B08DCA6BD6}.SingleImage|x64.ActiveCfg = Release|x64
		{23EE5140-2C2C-4B53-A954-10B08DCA6BD6}.SingleImage|x64.Build.0 = Release|x64
		{23EE5140-2C2C-4B53-A954-10B08DCA6BD6}.SingleImage|x86.ActiveCfg = Release|x86
		{23EE5140-2C2C-4B53-A954-10B08DCA6BD6}.SingleImage|x86.Build.0 = Release|x86
		{BE4C3AD0-8DA2-4246-8C63-EEEB7DC197BE}.CD_ROM|Any CPU.ActiveCfg = Release|x86
		{BE4C3AD0-8DA2-4246-8C63-EEEB7DC197BE}.CD_ROM|Mixed Platforms.ActiveCfg = Release|x86
		{BE4C3AD0-8DA2-4246-8C63-EEEB7DC197BE}.CD_ROM|Mixed Platforms.Build.0 = Release|x86
		{BE4C3AD0-8DA2-4246-8C63-EEEB7DC197BE}.CD_ROM|x64.ActiveCfg = Release|x64
		{BE4C3AD0-8DA2-4246-8C63-EEEB7DC197BE}.CD_ROM|x64.Build.0 = Release|x64
		{BE4C3AD0-8DA2-4246-8C63-EEEB7DC197BE}.CD_ROM|x86.ActiveCfg = Release|x86
		{BE4C3AD0-8DA2-4246-8C63-EEEB7DC197BE}.CD_ROM|x86.Build.0 = Release|x86
		{BE4C3AD0-8DA2-4246-8C63-EEEB7DC197BE}.Debug|Any CPU.ActiveCfg = Debug|x86
		{BE4C3AD0-8DA2-4246-8C63-EEEB7DC197BE}.Debug|Mixed Platforms.ActiveCfg = Debug|x86
		{BE4C3AD0-8DA2-4246-8C63-EEEB7DC197BE}.Debug|Mixed Platforms.Build.0 = Debug|x86
		{BE4C3AD0-8DA2-4246-8C63-EEEB7DC197BE}.Debug|x64.ActiveCfg = Debug|x64
		{BE4C3AD0-8DA2-4246-8C63-EEEB7DC197BE}.Debug|x64.Build.0 = Debug|x64
		{BE4C3AD0-8DA2-4246-8C63-EEEB7DC197BE}.Debug|x86.ActiveCfg = Debug|x86
		{BE4C3AD0-8DA2-4246-8C63-EEEB7DC197BE}.Debug|x86.Build.0 = Debug|x86
		{BE4C3AD0-8DA2-4246-8C63-EEEB7DC197BE}.DVD-5|Any CPU.ActiveCfg = Debug|x86
		{BE4C3AD0-8DA2-4246-8C63-EEEB7DC197BE}.DVD-5|Mixed Platforms.ActiveCfg = Debug|x86
		{BE4C3AD0-8DA2-4246-8C63-EEEB7DC197BE}.DVD-5|Mixed Platforms.Build.0 = Debug|x86
		{BE4C3AD0-8DA2-4246-8C63-EEEB7DC197BE}.DVD-5|x64.ActiveCfg = Debug|x64
		{BE4C3AD0-8DA2-4246-8C63-EEEB7DC197BE}.DVD-5|x64.Build.0 = Debug|x64
		{BE4C3AD0-8DA2-4246-8C63-EEEB7DC197BE}.DVD-5|x86.ActiveCfg = Debug|x86
		{BE4C3AD0-8DA2-4246-8C63-EEEB7DC197BE}.DVD-5|x86.Build.0 = Debug|x86
		{BE4C3AD0-8DA2-4246-8C63-EEEB7DC197BE}.Release|Any CPU.ActiveCfg = Release|x86
		{BE4C3AD0-8DA2-4246-8C63-EEEB7DC197BE}.Release|Mixed Platforms.ActiveCfg = Release|x86
		{BE4C3AD0-8DA2-4246-8C63-EEEB7DC197BE}.Release|Mixed Platforms.Build.0 = Release|x86
		{BE4C3AD0-8DA2-4246-8C63-EEEB7DC197BE}.Release|x64.ActiveCfg = Release|x64
		{BE4C3AD0-8DA2-4246-8C63-EEEB7DC197BE}.Release|x64.Build.0 = Release|x64
		{BE4C3AD0-8DA2-4246-8C63-EEEB7DC197BE}.Release|x86.ActiveCfg = Release|x86
		{BE4C3AD0-8DA2-4246-8C63-EEEB7DC197BE}.Release|x86.Build.0 = Release|x86
		{BE4C3AD0-8DA2-4246-8C63-EEEB7DC197BE}.SingleImage|Any CPU.ActiveCfg = Release|x86
		{BE4C3AD0-8DA2-4246-8C63-EEEB7DC197BE}.SingleImage|Mixed Platforms.ActiveCfg = Release|x86
		{BE4C3AD0-8DA2-4246-8C63-EEEB7DC197BE}.SingleImage|Mixed Platforms.Build.0 = Release|x86
		{BE4C3AD0-8DA2-4246-8C63-EEEB7DC197BE}.SingleImage|x64.ActiveCfg = Release|x64
		{BE4C3AD0-8DA2-4246-8C63-EEEB7DC197BE}.SingleImage|x64.Build.0 = Release|x64
		{BE4C3AD0-8DA2-4246-8C63-EEEB7DC197BE}.SingleImage|x86.ActiveCfg = Release|x86
		{BE4C3AD0-8DA2-4246-8C63-EEEB7DC197BE}.SingleImage|x86.Build.0 = Release|x86
		{4828DAEC-EF99-4553-B674-4374F77C6D66}.CD_ROM|Any CPU.ActiveCfg = Release|Any CPU
		{4828DAEC-EF99-4553-B674-4374F77C6D66}.CD_ROM|Any CPU.Build.0 = Release|Any CPU
		{4828DAEC-EF99-4553-B674-4374F77C6D66}.CD_ROM|Mixed Platforms.ActiveCfg = Release|x86
		{4828DAEC-EF99-4553-B674-4374F77C6D66}.CD_ROM|Mixed Platforms.Build.0 = Release|x86
		{4828DAEC-EF99-4553-B674-4374F77C6D66}.CD_ROM|x64.ActiveCfg = Release|x64
		{4828DAEC-EF99-4553-B674-4374F77C6D66}.CD_ROM|x64.Build.0 = Release|x64
		{4828DAEC-EF99-4553-B674-4374F77C6D66}.CD_ROM|x86.ActiveCfg = Release|x86
		{4828DAEC-EF99-4553-B674-4374F77C6D66}.CD_ROM|x86.Build.0 = Release|x86
		{4828DAEC-EF99-4553-B674-4374F77C6D66}.Debug|Any CPU.ActiveCfg = Debug|Any CPU
		{4828DAEC-EF99-4553-B674-4374F77C6D66}.Debug|Any CPU.Build.0 = Debug|Any CPU
		{4828DAEC-EF99-4553-B674-4374F77C6D66}.Debug|Mixed Platforms.ActiveCfg = Debug|x86
		{4828DAEC-EF99-4553-B674-4374F77C6D66}.Debug|Mixed Platforms.Build.0 = Debug|x86
		{4828DAEC-EF99-4553-B674-4374F77C6D66}.Debug|x64.ActiveCfg = Debug|x64
		{4828DAEC-EF99-4553-B674-4374F77C6D66}.Debug|x64.Build.0 = Debug|x64
		{4828DAEC-EF99-4553-B674-4374F77C6D66}.Debug|x86.ActiveCfg = Debug|x86
		{4828DAEC-EF99-4553-B674-4374F77C6D66}.Debug|x86.Build.0 = Debug|x86
		{4828DAEC-EF99-4553-B674-4374F77C6D66}.DVD-5|Any CPU.ActiveCfg = Debug|Any CPU
		{4828DAEC-EF99-4553-B674-4374F77C6D66}.DVD-5|Any CPU.Build.0 = Debug|Any CPU
		{4828DAEC-EF99-4553-B674-4374F77C6D66}.DVD-5|Mixed Platforms.ActiveCfg = Debug|x86
		{4828DAEC-EF99-4553-B674-4374F77C6D66}.DVD-5|Mixed Platforms.Build.0 = Debug|x86
		{4828DAEC-EF99-4553-B674-4374F77C6D66}.DVD-5|x64.ActiveCfg = Debug|x64
		{4828DAEC-EF99-4553-B674-4374F77C6D66}.DVD-5|x64.Build.0 = Debug|x64
		{4828DAEC-EF99-4553-B674-4374F77C6D66}.DVD-5|x86.ActiveCfg = Debug|x86
		{4828DAEC-EF99-4553-B674-4374F77C6D66}.DVD-5|x86.Build.0 = Debug|x86
		{4828DAEC-EF99-4553-B674-4374F77C6D66}.Release|Any CPU.ActiveCfg = Release|Any CPU
		{4828DAEC-EF99-4553-B674-4374F77C6D66}.Release|Any CPU.Build.0 = Release|Any CPU
		{4828DAEC-EF99-4553-B674-4374F77C6D66}.Release|Mixed Platforms.ActiveCfg = Release|x86
		{4828DAEC-EF99-4553-B674-4374F77C6D66}.Release|Mixed Platforms.Build.0 = Release|x86
		{4828DAEC-EF99-4553-B674-4374F77C6D66}.Release|x64.ActiveCfg = Release|x64
		{4828DAEC-EF99-4553-B674-4374F77C6D66}.Release|x64.Build.0 = Release|x64
		{4828DAEC-EF99-4553-B674-4374F77C6D66}.Release|x86.ActiveCfg = Release|x86
		{4828DAEC-EF99-4553-B674-4374F77C6D66}.Release|x86.Build.0 = Release|x86
		{4828DAEC-EF99-4553-B674-4374F77C6D66}.SingleImage|Any CPU.ActiveCfg = Release|Any CPU
		{4828DAEC-EF99-4553-B674-4374F77C6D66}.SingleImage|Any CPU.Build.0 = Release|Any CPU
		{4828DAEC-EF99-4553-B674-4374F77C6D66}.SingleImage|Mixed Platforms.ActiveCfg = Release|x86
		{4828DAEC-EF99-4553-B674-4374F77C6D66}.SingleImage|Mixed Platforms.Build.0 = Release|x86
		{4828DAEC-EF99-4553-B674-4374F77C6D66}.SingleImage|x64.ActiveCfg = Release|x64
		{4828DAEC-EF99-4553-B674-4374F77C6D66}.SingleImage|x64.Build.0 = Release|x64
		{4828DAEC-EF99-4553-B674-4374F77C6D66}.SingleImage|x86.ActiveCfg = Release|x86
		{4828DAEC-EF99-4553-B674-4374F77C6D66}.SingleImage|x86.Build.0 = Release|x86
		{A4394E7B-1155-43A6-989E-8AB72DDDC9E4}.CD_ROM|Any CPU.ActiveCfg = Release|Any CPU
		{A4394E7B-1155-43A6-989E-8AB72DDDC9E4}.CD_ROM|Any CPU.Build.0 = Release|Any CPU
		{A4394E7B-1155-43A6-989E-8AB72DDDC9E4}.CD_ROM|Mixed Platforms.ActiveCfg = Release|x86
		{A4394E7B-1155-43A6-989E-8AB72DDDC9E4}.CD_ROM|Mixed Platforms.Build.0 = Release|x86
		{A4394E7B-1155-43A6-989E-8AB72DDDC9E4}.CD_ROM|x64.ActiveCfg = Release|x64
		{A4394E7B-1155-43A6-989E-8AB72DDDC9E4}.CD_ROM|x64.Build.0 = Release|x64
		{A4394E7B-1155-43A6-989E-8AB72DDDC9E4}.CD_ROM|x86.ActiveCfg = Release|x86
		{A4394E7B-1155-43A6-989E-8AB72DDDC9E4}.CD_ROM|x86.Build.0 = Release|x86
		{A4394E7B-1155-43A6-989E-8AB72DDDC9E4}.Debug|Any CPU.ActiveCfg = Debug|Any CPU
		{A4394E7B-1155-43A6-989E-8AB72DDDC9E4}.Debug|Any CPU.Build.0 = Debug|Any CPU
		{A4394E7B-1155-43A6-989E-8AB72DDDC9E4}.Debug|Mixed Platforms.ActiveCfg = Debug|x86
		{A4394E7B-1155-43A6-989E-8AB72DDDC9E4}.Debug|Mixed Platforms.Build.0 = Debug|x86
		{A4394E7B-1155-43A6-989E-8AB72DDDC9E4}.Debug|x64.ActiveCfg = Debug|x64
		{A4394E7B-1155-43A6-989E-8AB72DDDC9E4}.Debug|x64.Build.0 = Debug|x64
		{A4394E7B-1155-43A6-989E-8AB72DDDC9E4}.Debug|x86.ActiveCfg = Debug|x86
		{A4394E7B-1155-43A6-989E-8AB72DDDC9E4}.Debug|x86.Build.0 = Debug|x86
		{A4394E7B-1155-43A6-989E-8AB72DDDC9E4}.DVD-5|Any CPU.ActiveCfg = Debug|Any CPU
		{A4394E7B-1155-43A6-989E-8AB72DDDC9E4}.DVD-5|Any CPU.Build.0 = Debug|Any CPU
		{A4394E7B-1155-43A6-989E-8AB72DDDC9E4}.DVD-5|Mixed Platforms.ActiveCfg = Debug|x86
		{A4394E7B-1155-43A6-989E-8AB72DDDC9E4}.DVD-5|Mixed Platforms.Build.0 = Debug|x86
		{A4394E7B-1155-43A6-989E-8AB72DDDC9E4}.DVD-5|x64.ActiveCfg = Debug|x64
		{A4394E7B-1155-43A6-989E-8AB72DDDC9E4}.DVD-5|x64.Build.0 = Debug|x64
		{A4394E7B-1155-43A6-989E-8AB72DDDC9E4}.DVD-5|x86.ActiveCfg = Debug|x86
		{A4394E7B-1155-43A6-989E-8AB72DDDC9E4}.DVD-5|x86.Build.0 = Debug|x86
		{A4394E7B-1155-43A6-989E-8AB72DDDC9E4}.Release|Any CPU.ActiveCfg = Release|Any CPU
		{A4394E7B-1155-43A6-989E-8AB72DDDC9E4}.Release|Any CPU.Build.0 = Release|Any CPU
		{A4394E7B-1155-43A6-989E-8AB72DDDC9E4}.Release|Mixed Platforms.ActiveCfg = Release|x86
		{A4394E7B-1155-43A6-989E-8AB72DDDC9E4}.Release|Mixed Platforms.Build.0 = Release|x86
		{A4394E7B-1155-43A6-989E-8AB72DDDC9E4}.Release|x64.ActiveCfg = Release|x64
		{A4394E7B-1155-43A6-989E-8AB72DDDC9E4}.Release|x64.Build.0 = Release|x64
		{A4394E7B-1155-43A6-989E-8AB72DDDC9E4}.Release|x86.ActiveCfg = Release|x86
		{A4394E7B-1155-43A6-989E-8AB72DDDC9E4}.Release|x86.Build.0 = Release|x86
		{A4394E7B-1155-43A6-989E-8AB72DDDC9E4}.SingleImage|Any CPU.ActiveCfg = Release|Any CPU
		{A4394E7B-1155-43A6-989E-8AB72DDDC9E4}.SingleImage|Any CPU.Build.0 = Release|Any CPU
		{A4394E7B-1155-43A6-989E-8AB72DDDC9E4}.SingleImage|Mixed Platforms.ActiveCfg = Release|x86
		{A4394E7B-1155-43A6-989E-8AB72DDDC9E4}.SingleImage|Mixed Platforms.Build.0 = Release|x86
		{A4394E7B-1155-43A6-989E-8AB72DDDC9E4}.SingleImage|x64.ActiveCfg = Release|x64
		{A4394E7B-1155-43A6-989E-8AB72DDDC9E4}.SingleImage|x64.Build.0 = Release|x64
		{A4394E7B-1155-43A6-989E-8AB72DDDC9E4}.SingleImage|x86.ActiveCfg = Release|x86
		{A4394E7B-1155-43A6-989E-8AB72DDDC9E4}.SingleImage|x86.Build.0 = Release|x86
	EndGlobalSection
	GlobalSection(SolutionProperties) = preSolution
		HideSolutionNode = FALSE
	EndGlobalSection
EndGlobal
